
Microsoft Visual Studio Solution File, Format Version 12.00
# Visual Studio Version 16
VisualStudioVersion = 16.0.30413.136
MinimumVisualStudioVersion = 10.0.40219.1
Project("{FAE04EC0-301F-11D3-BF4B-00C04F79EFBC}") = "GuidewireTestSuites", "GuidwireTestSuites\GuidewireTestSuites.csproj", "{5834CC82-9B61-4921-BDC9-7A5A51DEC46E}"
EndProject
Project("{2150E333-8FDC-42A3-9474-1A3956D46DE8}") = "Solution Items", "Solution Items", "{28D8620B-E3F4-483A-9B33-4F872B6D34E0}"
	ProjectSection(SolutionItems) = preProject
		GlobalAssemblyInfo.cs = GlobalAssemblyInfo.cs
	EndProjectSection
EndProject
Project("{FAE04EC0-301F-11D3-BF4B-00C04F79EFBC}") = "BillingCenterPages", "BillingCenterPages\BillingCenterPages.csproj", "{35372C70-6BD4-4823-BF9F-BD955C5B75F9}"
EndProject
Project("{FAE04EC0-301F-11D3-BF4B-00C04F79EFBC}") = "ClaimCenterPages", "ClaimCenterPages\ClaimCenterPages.csproj", "{08FF4F6E-A368-4824-9E39-29F7DB756D2E}"
EndProject
Project("{FAE04EC0-301F-11D3-BF4B-00C04F79EFBC}") = "ContactManagerPages", "ContactManagerPages\ContactManagerPages.csproj", "{2D38B9E5-3430-46B3-ADAC-067D52D3DD31}"
EndProject
Project("{FAE04EC0-301F-11D3-BF4B-00C04F79EFBC}") = "SalesForcePages", "SalesForcePages\SalesForcePages.csproj", "{715C8C16-BD1E-4C55-87DC-5ED8442532EA}"
EndProject
Project("{FAE04EC0-301F-11D3-BF4B-00C04F79EFBC}") = "QuoteAndApplyPages", "QuoteAndApplyPages\QuoteAndApplyPages.csproj", "{228BCE44-AB62-4914-B426-8D79E9A2F7FD}"
EndProject
Project("{FAE04EC0-301F-11D3-BF4B-00C04F79EFBC}") = "PLPortal", "PLPortal\PLPortal.csproj", "{87C462FE-9F78-48F8-BCFC-DE627AD24050}"
EndProject
Project("{FAE04EC0-301F-11D3-BF4B-00C04F79EFBC}") = "AgencyAutomationPages", "AgencyAutomationPages\AgencyAutomationPages.csproj", "{BD4AE375-EA2B-4C22-A2D0-18104ADEDF6B}"
EndProject
Project("{FAE04EC0-301F-11D3-BF4B-00C04F79EFBC}") = "ClaimCenter9Pages", "ClaimCenter9Pages\ClaimCenter9Pages.csproj", "{195B0595-7D8A-4B8A-B60A-E07347A35778}"
EndProject
Project("{FAE04EC0-301F-11D3-BF4B-00C04F79EFBC}") = "BoltPages", "BoltPages\BoltPages.csproj", "{BACD9596-F317-48F6-847E-1526A190C93E}"
EndProject
Project("{FAE04EC0-301F-11D3-BF4B-00C04F79EFBC}") = "PolicyCenter9Pages", "PolicyCenter9Pages\PolicyCenter9Pages.csproj", "{2D0A2151-2406-40EB-A49E-7B7045581E9A}"
EndProject
Project("{FAE04EC0-301F-11D3-BF4B-00C04F79EFBC}") = "ProducerEngage", "ProducerEngage\ProducerEngage.csproj", "{35C238EA-CBCE-40B2-8907-E5A0C92697B5}"
EndProject
Project("{FAE04EC0-301F-11D3-BF4B-00C04F79EFBC}") = "QuickBillPayPages", "QuickBillPayPages\QuickBillPayPages.csproj", "{BD73A349-39C4-42D3-9FCE-ABEAD2550450}"
EndProject
Project("{FAE04EC0-301F-11D3-BF4B-00C04F79EFBC}") = "WebCommonCore", "WebCommonCore\WebCommonCore.csproj", "{008B44CA-AF8C-4C26-A75A-23EAE01267D7}"
EndProject
Project("{FAE04EC0-301F-11D3-BF4B-00C04F79EFBC}") = "ApplicationSetUpInfo", "ApplicationSetUpInfo\ApplicationSetUpInfo.csproj", "{A0D0A615-6597-41A2-89C8-66281D474E3D}"
EndProject
Project("{FAE04EC0-301F-11D3-BF4B-00C04F79EFBC}") = "AutomationSupportCore", "AutomationFramework\AutomationSupportCore.csproj", "{197B9793-4B39-4604-A3E8-966FA3E1E18C}"
EndProject
Project("{FAE04EC0-301F-11D3-BF4B-00C04F79EFBC}") = "HelperClasses", "HelperClasses\HelperClasses.csproj", "{759824BA-AC2B-44BB-85EB-882FDF72B993}"
EndProject
Project("{FAE04EC0-301F-11D3-BF4B-00C04F79EFBC}") = "RestAPICore", "RestAPICore\RestAPICore.csproj", "{4042BEFC-9424-409C-92D2-D2E9E7264684}"
EndProject
Project("{FAE04EC0-301F-11D3-BF4B-00C04F79EFBC}") = "SOAPApi", "SOAPApi\SOAPApi.csproj", "{5536BE1D-B807-4F6C-AB56-DA6D6E663B92}"
EndProject
Project("{FAE04EC0-301F-11D3-BF4B-00C04F79EFBC}") = "SupportCore", "SupportCore\SupportCore.csproj", "{C663AA76-F6AE-4DBF-BC15-FA43C104C838}"
EndProject
Project("{FAE04EC0-301F-11D3-BF4B-00C04F79EFBC}") = "PolicyCenterPages", "PolicyCenterPages\PolicyCenterPages.csproj", "{CDCD595F-81B6-46F2-A5D6-3925A4CC6480}"
EndProject
Project("{FAE04EC0-301F-11D3-BF4B-00C04F79EFBC}") = "DigitalProject", "DigitalProject\DigitalProject.csproj", "{2F527872-0E8B-4B06-BBAA-9B8E008D5DE3}"
EndProject
Global
	GlobalSection(SolutionConfigurationPlatforms) = preSolution
		Debug|Any CPU = Debug|Any CPU
		dev1|Any CPU = dev1|Any CPU
		dev2|Any CPU = dev2|Any CPU
		dev4|Any CPU = dev4|Any CPU
		local|Any CPU = local|Any CPU
		prod|Any CPU = prod|Any CPU
		qa1|Any CPU = qa1|Any CPU
		qa10|Any CPU = qa10|Any CPU
		qa11|Any CPU = qa11|Any CPU
		qa12|Any CPU = qa12|Any CPU
		qa13|Any CPU = qa13|Any CPU
		qa15|Any CPU = qa15|Any CPU
		qa2|Any CPU = qa2|Any CPU
		qa3|Any CPU = qa3|Any CPU
		qa4|Any CPU = qa4|Any CPU
		qa5|Any CPU = qa5|Any CPU
		qa6|Any CPU = qa6|Any CPU
		qa7|Any CPU = qa7|Any CPU
		qa8|Any CPU = qa8|Any CPU
		qa9|Any CPU = qa9|Any CPU
		Release|Any CPU = Release|Any CPU
		stage|Any CPU = stage|Any CPU
		test|Any CPU = test|Any CPU
	EndGlobalSection
	GlobalSection(ProjectConfigurationPlatforms) = postSolution
		{5834CC82-9B61-4921-BDC9-7A5A51DEC46E}.Debug|Any CPU.ActiveCfg = Debug|Any CPU
		{5834CC82-9B61-4921-BDC9-7A5A51DEC46E}.Debug|Any CPU.Build.0 = Debug|Any CPU
		{5834CC82-9B61-4921-BDC9-7A5A51DEC46E}.dev1|Any CPU.ActiveCfg = dev1|Any CPU
		{5834CC82-9B61-4921-BDC9-7A5A51DEC46E}.dev1|Any CPU.Build.0 = dev1|Any CPU
		{5834CC82-9B61-4921-BDC9-7A5A51DEC46E}.dev2|Any CPU.ActiveCfg = dev2|Any CPU
		{5834CC82-9B61-4921-BDC9-7A5A51DEC46E}.dev2|Any CPU.Build.0 = dev2|Any CPU
		{5834CC82-9B61-4921-BDC9-7A5A51DEC46E}.dev4|Any CPU.ActiveCfg = dev4|Any CPU
		{5834CC82-9B61-4921-BDC9-7A5A51DEC46E}.dev4|Any CPU.Build.0 = dev4|Any CPU
		{5834CC82-9B61-4921-BDC9-7A5A51DEC46E}.local|Any CPU.ActiveCfg = local|Any CPU
		{5834CC82-9B61-4921-BDC9-7A5A51DEC46E}.local|Any CPU.Build.0 = local|Any CPU
		{5834CC82-9B61-4921-BDC9-7A5A51DEC46E}.prod|Any CPU.ActiveCfg = prod|Any CPU
		{5834CC82-9B61-4921-BDC9-7A5A51DEC46E}.prod|Any CPU.Build.0 = prod|Any CPU
		{5834CC82-9B61-4921-BDC9-7A5A51DEC46E}.qa1|Any CPU.ActiveCfg = qa1|Any CPU
		{5834CC82-9B61-4921-BDC9-7A5A51DEC46E}.qa1|Any CPU.Build.0 = qa1|Any CPU
		{5834CC82-9B61-4921-BDC9-7A5A51DEC46E}.qa10|Any CPU.ActiveCfg = qa10|Any CPU
		{5834CC82-9B61-4921-BDC9-7A5A51DEC46E}.qa10|Any CPU.Build.0 = qa10|Any CPU
		{5834CC82-9B61-4921-BDC9-7A5A51DEC46E}.qa11|Any CPU.ActiveCfg = qa11|Any CPU
		{5834CC82-9B61-4921-BDC9-7A5A51DEC46E}.qa11|Any CPU.Build.0 = qa11|Any CPU
		{5834CC82-9B61-4921-BDC9-7A5A51DEC46E}.qa12|Any CPU.ActiveCfg = qa12|Any CPU
		{5834CC82-9B61-4921-BDC9-7A5A51DEC46E}.qa12|Any CPU.Build.0 = qa12|Any CPU
		{5834CC82-9B61-4921-BDC9-7A5A51DEC46E}.qa13|Any CPU.ActiveCfg = qa13|Any CPU
		{5834CC82-9B61-4921-BDC9-7A5A51DEC46E}.qa13|Any CPU.Build.0 = qa13|Any CPU
		{5834CC82-9B61-4921-BDC9-7A5A51DEC46E}.qa15|Any CPU.ActiveCfg = qa15|Any CPU
		{5834CC82-9B61-4921-BDC9-7A5A51DEC46E}.qa15|Any CPU.Build.0 = qa15|Any CPU
		{5834CC82-9B61-4921-BDC9-7A5A51DEC46E}.qa2|Any CPU.ActiveCfg = qa2|Any CPU
		{5834CC82-9B61-4921-BDC9-7A5A51DEC46E}.qa2|Any CPU.Build.0 = qa2|Any CPU
		{5834CC82-9B61-4921-BDC9-7A5A51DEC46E}.qa3|Any CPU.ActiveCfg = qa3|Any CPU
		{5834CC82-9B61-4921-BDC9-7A5A51DEC46E}.qa3|Any CPU.Build.0 = qa3|Any CPU
		{5834CC82-9B61-4921-BDC9-7A5A51DEC46E}.qa4|Any CPU.ActiveCfg = qa4|Any CPU
		{5834CC82-9B61-4921-BDC9-7A5A51DEC46E}.qa4|Any CPU.Build.0 = qa4|Any CPU
		{5834CC82-9B61-4921-BDC9-7A5A51DEC46E}.qa5|Any CPU.ActiveCfg = qa5|Any CPU
		{5834CC82-9B61-4921-BDC9-7A5A51DEC46E}.qa5|Any CPU.Build.0 = qa5|Any CPU
		{5834CC82-9B61-4921-BDC9-7A5A51DEC46E}.qa6|Any CPU.ActiveCfg = qa6|Any CPU
		{5834CC82-9B61-4921-BDC9-7A5A51DEC46E}.qa6|Any CPU.Build.0 = qa6|Any CPU
		{5834CC82-9B61-4921-BDC9-7A5A51DEC46E}.qa7|Any CPU.ActiveCfg = qa7|Any CPU
		{5834CC82-9B61-4921-BDC9-7A5A51DEC46E}.qa7|Any CPU.Build.0 = qa7|Any CPU
		{5834CC82-9B61-4921-BDC9-7A5A51DEC46E}.qa8|Any CPU.ActiveCfg = qa8|Any CPU
		{5834CC82-9B61-4921-BDC9-7A5A51DEC46E}.qa8|Any CPU.Build.0 = qa8|Any CPU
		{5834CC82-9B61-4921-BDC9-7A5A51DEC46E}.qa9|Any CPU.ActiveCfg = qa9|Any CPU
		{5834CC82-9B61-4921-BDC9-7A5A51DEC46E}.qa9|Any CPU.Build.0 = qa9|Any CPU
		{5834CC82-9B61-4921-BDC9-7A5A51DEC46E}.Release|Any CPU.ActiveCfg = Release|Any CPU
		{5834CC82-9B61-4921-BDC9-7A5A51DEC46E}.Release|Any CPU.Build.0 = Release|Any CPU
		{5834CC82-9B61-4921-BDC9-7A5A51DEC46E}.stage|Any CPU.ActiveCfg = stage|Any CPU
		{5834CC82-9B61-4921-BDC9-7A5A51DEC46E}.stage|Any CPU.Build.0 = stage|Any CPU
		{5834CC82-9B61-4921-BDC9-7A5A51DEC46E}.test|Any CPU.ActiveCfg = Test|Any CPU
		{5834CC82-9B61-4921-BDC9-7A5A51DEC46E}.test|Any CPU.Build.0 = Test|Any CPU
		{35372C70-6BD4-4823-BF9F-BD955C5B75F9}.Debug|Any CPU.ActiveCfg = Debug|Any CPU
		{35372C70-6BD4-4823-BF9F-BD955C5B75F9}.Debug|Any CPU.Build.0 = Debug|Any CPU
		{35372C70-6BD4-4823-BF9F-BD955C5B75F9}.dev1|Any CPU.ActiveCfg = Debug|Any CPU
		{35372C70-6BD4-4823-BF9F-BD955C5B75F9}.dev1|Any CPU.Build.0 = Debug|Any CPU
		{35372C70-6BD4-4823-BF9F-BD955C5B75F9}.dev2|Any CPU.ActiveCfg = Debug|Any CPU
		{35372C70-6BD4-4823-BF9F-BD955C5B75F9}.dev2|Any CPU.Build.0 = Debug|Any CPU
		{35372C70-6BD4-4823-BF9F-BD955C5B75F9}.dev4|Any CPU.ActiveCfg = Debug|Any CPU
		{35372C70-6BD4-4823-BF9F-BD955C5B75F9}.dev4|Any CPU.Build.0 = Debug|Any CPU
		{35372C70-6BD4-4823-BF9F-BD955C5B75F9}.local|Any CPU.ActiveCfg = qa15|Any CPU
		{35372C70-6BD4-4823-BF9F-BD955C5B75F9}.local|Any CPU.Build.0 = qa15|Any CPU
		{35372C70-6BD4-4823-BF9F-BD955C5B75F9}.prod|Any CPU.ActiveCfg = qa15|Any CPU
		{35372C70-6BD4-4823-BF9F-BD955C5B75F9}.prod|Any CPU.Build.0 = qa15|Any CPU
		{35372C70-6BD4-4823-BF9F-BD955C5B75F9}.qa1|Any CPU.ActiveCfg = qa15|Any CPU
		{35372C70-6BD4-4823-BF9F-BD955C5B75F9}.qa1|Any CPU.Build.0 = qa15|Any CPU
		{35372C70-6BD4-4823-BF9F-BD955C5B75F9}.qa10|Any CPU.ActiveCfg = qa15|Any CPU
		{35372C70-6BD4-4823-BF9F-BD955C5B75F9}.qa10|Any CPU.Build.0 = qa15|Any CPU
		{35372C70-6BD4-4823-BF9F-BD955C5B75F9}.qa11|Any CPU.ActiveCfg = qa15|Any CPU
		{35372C70-6BD4-4823-BF9F-BD955C5B75F9}.qa11|Any CPU.Build.0 = qa15|Any CPU
		{35372C70-6BD4-4823-BF9F-BD955C5B75F9}.qa12|Any CPU.ActiveCfg = qa15|Any CPU
		{35372C70-6BD4-4823-BF9F-BD955C5B75F9}.qa12|Any CPU.Build.0 = qa15|Any CPU
		{35372C70-6BD4-4823-BF9F-BD955C5B75F9}.qa13|Any CPU.ActiveCfg = qa15|Any CPU
		{35372C70-6BD4-4823-BF9F-BD955C5B75F9}.qa13|Any CPU.Build.0 = qa15|Any CPU
		{35372C70-6BD4-4823-BF9F-BD955C5B75F9}.qa15|Any CPU.ActiveCfg = qa15|Any CPU
		{35372C70-6BD4-4823-BF9F-BD955C5B75F9}.qa15|Any CPU.Build.0 = qa15|Any CPU
		{35372C70-6BD4-4823-BF9F-BD955C5B75F9}.qa2|Any CPU.ActiveCfg = qa15|Any CPU
		{35372C70-6BD4-4823-BF9F-BD955C5B75F9}.qa2|Any CPU.Build.0 = qa15|Any CPU
		{35372C70-6BD4-4823-BF9F-BD955C5B75F9}.qa3|Any CPU.ActiveCfg = qa15|Any CPU
		{35372C70-6BD4-4823-BF9F-BD955C5B75F9}.qa3|Any CPU.Build.0 = qa15|Any CPU
		{35372C70-6BD4-4823-BF9F-BD955C5B75F9}.qa4|Any CPU.ActiveCfg = Release|Any CPU
		{35372C70-6BD4-4823-BF9F-BD955C5B75F9}.qa4|Any CPU.Build.0 = Release|Any CPU
		{35372C70-6BD4-4823-BF9F-BD955C5B75F9}.qa5|Any CPU.ActiveCfg = qa15|Any CPU
		{35372C70-6BD4-4823-BF9F-BD955C5B75F9}.qa5|Any CPU.Build.0 = qa15|Any CPU
		{35372C70-6BD4-4823-BF9F-BD955C5B75F9}.qa6|Any CPU.ActiveCfg = qa15|Any CPU
		{35372C70-6BD4-4823-BF9F-BD955C5B75F9}.qa6|Any CPU.Build.0 = qa15|Any CPU
		{35372C70-6BD4-4823-BF9F-BD955C5B75F9}.qa7|Any CPU.ActiveCfg = qa15|Any CPU
		{35372C70-6BD4-4823-BF9F-BD955C5B75F9}.qa7|Any CPU.Build.0 = qa15|Any CPU
		{35372C70-6BD4-4823-BF9F-BD955C5B75F9}.qa8|Any CPU.ActiveCfg = qa15|Any CPU
		{35372C70-6BD4-4823-BF9F-BD955C5B75F9}.qa8|Any CPU.Build.0 = qa15|Any CPU
		{35372C70-6BD4-4823-BF9F-BD955C5B75F9}.qa9|Any CPU.ActiveCfg = qa15|Any CPU
		{35372C70-6BD4-4823-BF9F-BD955C5B75F9}.qa9|Any CPU.Build.0 = qa15|Any CPU
		{35372C70-6BD4-4823-BF9F-BD955C5B75F9}.Release|Any CPU.ActiveCfg = Release|Any CPU
		{35372C70-6BD4-4823-BF9F-BD955C5B75F9}.Release|Any CPU.Build.0 = Release|Any CPU
		{35372C70-6BD4-4823-BF9F-BD955C5B75F9}.stage|Any CPU.ActiveCfg = Release|Any CPU
		{35372C70-6BD4-4823-BF9F-BD955C5B75F9}.stage|Any CPU.Build.0 = Release|Any CPU
		{35372C70-6BD4-4823-BF9F-BD955C5B75F9}.test|Any CPU.ActiveCfg = qa15|Any CPU
		{35372C70-6BD4-4823-BF9F-BD955C5B75F9}.test|Any CPU.Build.0 = qa15|Any CPU
		{08FF4F6E-A368-4824-9E39-29F7DB756D2E}.Debug|Any CPU.ActiveCfg = Debug|Any CPU
		{08FF4F6E-A368-4824-9E39-29F7DB756D2E}.Debug|Any CPU.Build.0 = Debug|Any CPU
		{08FF4F6E-A368-4824-9E39-29F7DB756D2E}.dev1|Any CPU.ActiveCfg = Debug|Any CPU
		{08FF4F6E-A368-4824-9E39-29F7DB756D2E}.dev1|Any CPU.Build.0 = Debug|Any CPU
		{08FF4F6E-A368-4824-9E39-29F7DB756D2E}.dev2|Any CPU.ActiveCfg = Debug|Any CPU
		{08FF4F6E-A368-4824-9E39-29F7DB756D2E}.dev2|Any CPU.Build.0 = Debug|Any CPU
		{08FF4F6E-A368-4824-9E39-29F7DB756D2E}.dev4|Any CPU.ActiveCfg = Debug|Any CPU
		{08FF4F6E-A368-4824-9E39-29F7DB756D2E}.dev4|Any CPU.Build.0 = Debug|Any CPU
		{08FF4F6E-A368-4824-9E39-29F7DB756D2E}.local|Any CPU.ActiveCfg = qa15|Any CPU
		{08FF4F6E-A368-4824-9E39-29F7DB756D2E}.local|Any CPU.Build.0 = qa15|Any CPU
		{08FF4F6E-A368-4824-9E39-29F7DB756D2E}.prod|Any CPU.ActiveCfg = qa15|Any CPU
		{08FF4F6E-A368-4824-9E39-29F7DB756D2E}.prod|Any CPU.Build.0 = qa15|Any CPU
		{08FF4F6E-A368-4824-9E39-29F7DB756D2E}.qa1|Any CPU.ActiveCfg = qa15|Any CPU
		{08FF4F6E-A368-4824-9E39-29F7DB756D2E}.qa1|Any CPU.Build.0 = qa15|Any CPU
		{08FF4F6E-A368-4824-9E39-29F7DB756D2E}.qa10|Any CPU.ActiveCfg = qa15|Any CPU
		{08FF4F6E-A368-4824-9E39-29F7DB756D2E}.qa10|Any CPU.Build.0 = qa15|Any CPU
		{08FF4F6E-A368-4824-9E39-29F7DB756D2E}.qa11|Any CPU.ActiveCfg = qa15|Any CPU
		{08FF4F6E-A368-4824-9E39-29F7DB756D2E}.qa11|Any CPU.Build.0 = qa15|Any CPU
		{08FF4F6E-A368-4824-9E39-29F7DB756D2E}.qa12|Any CPU.ActiveCfg = qa15|Any CPU
		{08FF4F6E-A368-4824-9E39-29F7DB756D2E}.qa12|Any CPU.Build.0 = qa15|Any CPU
		{08FF4F6E-A368-4824-9E39-29F7DB756D2E}.qa13|Any CPU.ActiveCfg = qa15|Any CPU
		{08FF4F6E-A368-4824-9E39-29F7DB756D2E}.qa13|Any CPU.Build.0 = qa15|Any CPU
		{08FF4F6E-A368-4824-9E39-29F7DB756D2E}.qa15|Any CPU.ActiveCfg = qa15|Any CPU
		{08FF4F6E-A368-4824-9E39-29F7DB756D2E}.qa15|Any CPU.Build.0 = qa15|Any CPU
		{08FF4F6E-A368-4824-9E39-29F7DB756D2E}.qa2|Any CPU.ActiveCfg = qa15|Any CPU
		{08FF4F6E-A368-4824-9E39-29F7DB756D2E}.qa2|Any CPU.Build.0 = qa15|Any CPU
		{08FF4F6E-A368-4824-9E39-29F7DB756D2E}.qa3|Any CPU.ActiveCfg = qa15|Any CPU
		{08FF4F6E-A368-4824-9E39-29F7DB756D2E}.qa3|Any CPU.Build.0 = qa15|Any CPU
		{08FF4F6E-A368-4824-9E39-29F7DB756D2E}.qa4|Any CPU.ActiveCfg = Release|Any CPU
		{08FF4F6E-A368-4824-9E39-29F7DB756D2E}.qa4|Any CPU.Build.0 = Release|Any CPU
		{08FF4F6E-A368-4824-9E39-29F7DB756D2E}.qa5|Any CPU.ActiveCfg = qa15|Any CPU
		{08FF4F6E-A368-4824-9E39-29F7DB756D2E}.qa5|Any CPU.Build.0 = qa15|Any CPU
		{08FF4F6E-A368-4824-9E39-29F7DB756D2E}.qa6|Any CPU.ActiveCfg = qa15|Any CPU
		{08FF4F6E-A368-4824-9E39-29F7DB756D2E}.qa6|Any CPU.Build.0 = qa15|Any CPU
		{08FF4F6E-A368-4824-9E39-29F7DB756D2E}.qa7|Any CPU.ActiveCfg = qa15|Any CPU
		{08FF4F6E-A368-4824-9E39-29F7DB756D2E}.qa7|Any CPU.Build.0 = qa15|Any CPU
		{08FF4F6E-A368-4824-9E39-29F7DB756D2E}.qa8|Any CPU.ActiveCfg = qa15|Any CPU
		{08FF4F6E-A368-4824-9E39-29F7DB756D2E}.qa8|Any CPU.Build.0 = qa15|Any CPU
		{08FF4F6E-A368-4824-9E39-29F7DB756D2E}.qa9|Any CPU.ActiveCfg = qa15|Any CPU
		{08FF4F6E-A368-4824-9E39-29F7DB756D2E}.qa9|Any CPU.Build.0 = qa15|Any CPU
		{08FF4F6E-A368-4824-9E39-29F7DB756D2E}.Release|Any CPU.ActiveCfg = Release|Any CPU
		{08FF4F6E-A368-4824-9E39-29F7DB756D2E}.Release|Any CPU.Build.0 = Release|Any CPU
		{08FF4F6E-A368-4824-9E39-29F7DB756D2E}.stage|Any CPU.ActiveCfg = Release|Any CPU
		{08FF4F6E-A368-4824-9E39-29F7DB756D2E}.stage|Any CPU.Build.0 = Release|Any CPU
		{08FF4F6E-A368-4824-9E39-29F7DB756D2E}.test|Any CPU.ActiveCfg = qa15|Any CPU
		{08FF4F6E-A368-4824-9E39-29F7DB756D2E}.test|Any CPU.Build.0 = qa15|Any CPU
		{2D38B9E5-3430-46B3-ADAC-067D52D3DD31}.Debug|Any CPU.ActiveCfg = Debug|Any CPU
		{2D38B9E5-3430-46B3-ADAC-067D52D3DD31}.Debug|Any CPU.Build.0 = Debug|Any CPU
		{2D38B9E5-3430-46B3-ADAC-067D52D3DD31}.dev1|Any CPU.ActiveCfg = Debug|Any CPU
		{2D38B9E5-3430-46B3-ADAC-067D52D3DD31}.dev1|Any CPU.Build.0 = Debug|Any CPU
		{2D38B9E5-3430-46B3-ADAC-067D52D3DD31}.dev2|Any CPU.ActiveCfg = Debug|Any CPU
		{2D38B9E5-3430-46B3-ADAC-067D52D3DD31}.dev2|Any CPU.Build.0 = Debug|Any CPU
		{2D38B9E5-3430-46B3-ADAC-067D52D3DD31}.dev4|Any CPU.ActiveCfg = Debug|Any CPU
		{2D38B9E5-3430-46B3-ADAC-067D52D3DD31}.dev4|Any CPU.Build.0 = Debug|Any CPU
		{2D38B9E5-3430-46B3-ADAC-067D52D3DD31}.local|Any CPU.ActiveCfg = qa15|Any CPU
		{2D38B9E5-3430-46B3-ADAC-067D52D3DD31}.local|Any CPU.Build.0 = qa15|Any CPU
		{2D38B9E5-3430-46B3-ADAC-067D52D3DD31}.prod|Any CPU.ActiveCfg = qa15|Any CPU
		{2D38B9E5-3430-46B3-ADAC-067D52D3DD31}.prod|Any CPU.Build.0 = qa15|Any CPU
		{2D38B9E5-3430-46B3-ADAC-067D52D3DD31}.qa1|Any CPU.ActiveCfg = qa15|Any CPU
		{2D38B9E5-3430-46B3-ADAC-067D52D3DD31}.qa1|Any CPU.Build.0 = qa15|Any CPU
		{2D38B9E5-3430-46B3-ADAC-067D52D3DD31}.qa10|Any CPU.ActiveCfg = qa15|Any CPU
		{2D38B9E5-3430-46B3-ADAC-067D52D3DD31}.qa10|Any CPU.Build.0 = qa15|Any CPU
		{2D38B9E5-3430-46B3-ADAC-067D52D3DD31}.qa11|Any CPU.ActiveCfg = qa15|Any CPU
		{2D38B9E5-3430-46B3-ADAC-067D52D3DD31}.qa11|Any CPU.Build.0 = qa15|Any CPU
		{2D38B9E5-3430-46B3-ADAC-067D52D3DD31}.qa12|Any CPU.ActiveCfg = qa15|Any CPU
		{2D38B9E5-3430-46B3-ADAC-067D52D3DD31}.qa12|Any CPU.Build.0 = qa15|Any CPU
		{2D38B9E5-3430-46B3-ADAC-067D52D3DD31}.qa13|Any CPU.ActiveCfg = qa15|Any CPU
		{2D38B9E5-3430-46B3-ADAC-067D52D3DD31}.qa13|Any CPU.Build.0 = qa15|Any CPU
		{2D38B9E5-3430-46B3-ADAC-067D52D3DD31}.qa15|Any CPU.ActiveCfg = qa15|Any CPU
		{2D38B9E5-3430-46B3-ADAC-067D52D3DD31}.qa15|Any CPU.Build.0 = qa15|Any CPU
		{2D38B9E5-3430-46B3-ADAC-067D52D3DD31}.qa2|Any CPU.ActiveCfg = qa15|Any CPU
		{2D38B9E5-3430-46B3-ADAC-067D52D3DD31}.qa2|Any CPU.Build.0 = qa15|Any CPU
		{2D38B9E5-3430-46B3-ADAC-067D52D3DD31}.qa3|Any CPU.ActiveCfg = qa15|Any CPU
		{2D38B9E5-3430-46B3-ADAC-067D52D3DD31}.qa3|Any CPU.Build.0 = qa15|Any CPU
		{2D38B9E5-3430-46B3-ADAC-067D52D3DD31}.qa4|Any CPU.ActiveCfg = Release|Any CPU
		{2D38B9E5-3430-46B3-ADAC-067D52D3DD31}.qa4|Any CPU.Build.0 = Release|Any CPU
		{2D38B9E5-3430-46B3-ADAC-067D52D3DD31}.qa5|Any CPU.ActiveCfg = qa15|Any CPU
		{2D38B9E5-3430-46B3-ADAC-067D52D3DD31}.qa5|Any CPU.Build.0 = qa15|Any CPU
		{2D38B9E5-3430-46B3-ADAC-067D52D3DD31}.qa6|Any CPU.ActiveCfg = qa15|Any CPU
		{2D38B9E5-3430-46B3-ADAC-067D52D3DD31}.qa6|Any CPU.Build.0 = qa15|Any CPU
		{2D38B9E5-3430-46B3-ADAC-067D52D3DD31}.qa7|Any CPU.ActiveCfg = qa15|Any CPU
		{2D38B9E5-3430-46B3-ADAC-067D52D3DD31}.qa7|Any CPU.Build.0 = qa15|Any CPU
		{2D38B9E5-3430-46B3-ADAC-067D52D3DD31}.qa8|Any CPU.ActiveCfg = qa15|Any CPU
		{2D38B9E5-3430-46B3-ADAC-067D52D3DD31}.qa8|Any CPU.Build.0 = qa15|Any CPU
		{2D38B9E5-3430-46B3-ADAC-067D52D3DD31}.qa9|Any CPU.ActiveCfg = qa15|Any CPU
		{2D38B9E5-3430-46B3-ADAC-067D52D3DD31}.qa9|Any CPU.Build.0 = qa15|Any CPU
		{2D38B9E5-3430-46B3-ADAC-067D52D3DD31}.Release|Any CPU.ActiveCfg = Release|Any CPU
		{2D38B9E5-3430-46B3-ADAC-067D52D3DD31}.Release|Any CPU.Build.0 = Release|Any CPU
		{2D38B9E5-3430-46B3-ADAC-067D52D3DD31}.stage|Any CPU.ActiveCfg = Release|Any CPU
		{2D38B9E5-3430-46B3-ADAC-067D52D3DD31}.stage|Any CPU.Build.0 = Release|Any CPU
		{2D38B9E5-3430-46B3-ADAC-067D52D3DD31}.test|Any CPU.ActiveCfg = qa15|Any CPU
		{2D38B9E5-3430-46B3-ADAC-067D52D3DD31}.test|Any CPU.Build.0 = qa15|Any CPU
		{715C8C16-BD1E-4C55-87DC-5ED8442532EA}.Debug|Any CPU.ActiveCfg = Debug|Any CPU
		{715C8C16-BD1E-4C55-87DC-5ED8442532EA}.Debug|Any CPU.Build.0 = Debug|Any CPU
		{715C8C16-BD1E-4C55-87DC-5ED8442532EA}.dev1|Any CPU.ActiveCfg = Debug|Any CPU
		{715C8C16-BD1E-4C55-87DC-5ED8442532EA}.dev1|Any CPU.Build.0 = Debug|Any CPU
		{715C8C16-BD1E-4C55-87DC-5ED8442532EA}.dev2|Any CPU.ActiveCfg = Debug|Any CPU
		{715C8C16-BD1E-4C55-87DC-5ED8442532EA}.dev2|Any CPU.Build.0 = Debug|Any CPU
		{715C8C16-BD1E-4C55-87DC-5ED8442532EA}.dev4|Any CPU.ActiveCfg = Debug|Any CPU
		{715C8C16-BD1E-4C55-87DC-5ED8442532EA}.dev4|Any CPU.Build.0 = Debug|Any CPU
		{715C8C16-BD1E-4C55-87DC-5ED8442532EA}.local|Any CPU.ActiveCfg = qa15|Any CPU
		{715C8C16-BD1E-4C55-87DC-5ED8442532EA}.local|Any CPU.Build.0 = qa15|Any CPU
		{715C8C16-BD1E-4C55-87DC-5ED8442532EA}.prod|Any CPU.ActiveCfg = qa15|Any CPU
		{715C8C16-BD1E-4C55-87DC-5ED8442532EA}.prod|Any CPU.Build.0 = qa15|Any CPU
		{715C8C16-BD1E-4C55-87DC-5ED8442532EA}.qa1|Any CPU.ActiveCfg = qa15|Any CPU
		{715C8C16-BD1E-4C55-87DC-5ED8442532EA}.qa1|Any CPU.Build.0 = qa15|Any CPU
		{715C8C16-BD1E-4C55-87DC-5ED8442532EA}.qa10|Any CPU.ActiveCfg = qa15|Any CPU
		{715C8C16-BD1E-4C55-87DC-5ED8442532EA}.qa10|Any CPU.Build.0 = qa15|Any CPU
		{715C8C16-BD1E-4C55-87DC-5ED8442532EA}.qa11|Any CPU.ActiveCfg = qa15|Any CPU
		{715C8C16-BD1E-4C55-87DC-5ED8442532EA}.qa11|Any CPU.Build.0 = qa15|Any CPU
		{715C8C16-BD1E-4C55-87DC-5ED8442532EA}.qa12|Any CPU.ActiveCfg = qa15|Any CPU
		{715C8C16-BD1E-4C55-87DC-5ED8442532EA}.qa12|Any CPU.Build.0 = qa15|Any CPU
		{715C8C16-BD1E-4C55-87DC-5ED8442532EA}.qa13|Any CPU.ActiveCfg = qa15|Any CPU
		{715C8C16-BD1E-4C55-87DC-5ED8442532EA}.qa13|Any CPU.Build.0 = qa15|Any CPU
		{715C8C16-BD1E-4C55-87DC-5ED8442532EA}.qa15|Any CPU.ActiveCfg = qa15|Any CPU
		{715C8C16-BD1E-4C55-87DC-5ED8442532EA}.qa15|Any CPU.Build.0 = qa15|Any CPU
		{715C8C16-BD1E-4C55-87DC-5ED8442532EA}.qa2|Any CPU.ActiveCfg = qa15|Any CPU
		{715C8C16-BD1E-4C55-87DC-5ED8442532EA}.qa2|Any CPU.Build.0 = qa15|Any CPU
		{715C8C16-BD1E-4C55-87DC-5ED8442532EA}.qa3|Any CPU.ActiveCfg = qa15|Any CPU
		{715C8C16-BD1E-4C55-87DC-5ED8442532EA}.qa3|Any CPU.Build.0 = qa15|Any CPU
		{715C8C16-BD1E-4C55-87DC-5ED8442532EA}.qa4|Any CPU.ActiveCfg = Release|Any CPU
		{715C8C16-BD1E-4C55-87DC-5ED8442532EA}.qa4|Any CPU.Build.0 = Release|Any CPU
		{715C8C16-BD1E-4C55-87DC-5ED8442532EA}.qa5|Any CPU.ActiveCfg = qa15|Any CPU
		{715C8C16-BD1E-4C55-87DC-5ED8442532EA}.qa5|Any CPU.Build.0 = qa15|Any CPU
		{715C8C16-BD1E-4C55-87DC-5ED8442532EA}.qa6|Any CPU.ActiveCfg = qa15|Any CPU
		{715C8C16-BD1E-4C55-87DC-5ED8442532EA}.qa6|Any CPU.Build.0 = qa15|Any CPU
		{715C8C16-BD1E-4C55-87DC-5ED8442532EA}.qa7|Any CPU.ActiveCfg = qa15|Any CPU
		{715C8C16-BD1E-4C55-87DC-5ED8442532EA}.qa7|Any CPU.Build.0 = qa15|Any CPU
		{715C8C16-BD1E-4C55-87DC-5ED8442532EA}.qa8|Any CPU.ActiveCfg = qa15|Any CPU
		{715C8C16-BD1E-4C55-87DC-5ED8442532EA}.qa8|Any CPU.Build.0 = qa15|Any CPU
		{715C8C16-BD1E-4C55-87DC-5ED8442532EA}.qa9|Any CPU.ActiveCfg = qa15|Any CPU
		{715C8C16-BD1E-4C55-87DC-5ED8442532EA}.qa9|Any CPU.Build.0 = qa15|Any CPU
		{715C8C16-BD1E-4C55-87DC-5ED8442532EA}.Release|Any CPU.ActiveCfg = Release|Any CPU
		{715C8C16-BD1E-4C55-87DC-5ED8442532EA}.Release|Any CPU.Build.0 = Release|Any CPU
		{715C8C16-BD1E-4C55-87DC-5ED8442532EA}.stage|Any CPU.ActiveCfg = Release|Any CPU
		{715C8C16-BD1E-4C55-87DC-5ED8442532EA}.stage|Any CPU.Build.0 = Release|Any CPU
		{715C8C16-BD1E-4C55-87DC-5ED8442532EA}.test|Any CPU.ActiveCfg = qa15|Any CPU
		{715C8C16-BD1E-4C55-87DC-5ED8442532EA}.test|Any CPU.Build.0 = qa15|Any CPU
		{228BCE44-AB62-4914-B426-8D79E9A2F7FD}.Debug|Any CPU.ActiveCfg = Debug|Any CPU
		{228BCE44-AB62-4914-B426-8D79E9A2F7FD}.Debug|Any CPU.Build.0 = Debug|Any CPU
		{228BCE44-AB62-4914-B426-8D79E9A2F7FD}.dev1|Any CPU.ActiveCfg = Debug|Any CPU
		{228BCE44-AB62-4914-B426-8D79E9A2F7FD}.dev1|Any CPU.Build.0 = Debug|Any CPU
		{228BCE44-AB62-4914-B426-8D79E9A2F7FD}.dev2|Any CPU.ActiveCfg = Debug|Any CPU
		{228BCE44-AB62-4914-B426-8D79E9A2F7FD}.dev2|Any CPU.Build.0 = Debug|Any CPU
		{228BCE44-AB62-4914-B426-8D79E9A2F7FD}.dev4|Any CPU.ActiveCfg = Debug|Any CPU
		{228BCE44-AB62-4914-B426-8D79E9A2F7FD}.dev4|Any CPU.Build.0 = Debug|Any CPU
		{228BCE44-AB62-4914-B426-8D79E9A2F7FD}.local|Any CPU.ActiveCfg = qa15|Any CPU
		{228BCE44-AB62-4914-B426-8D79E9A2F7FD}.local|Any CPU.Build.0 = qa15|Any CPU
		{228BCE44-AB62-4914-B426-8D79E9A2F7FD}.prod|Any CPU.ActiveCfg = qa15|Any CPU
		{228BCE44-AB62-4914-B426-8D79E9A2F7FD}.prod|Any CPU.Build.0 = qa15|Any CPU
		{228BCE44-AB62-4914-B426-8D79E9A2F7FD}.qa1|Any CPU.ActiveCfg = qa15|Any CPU
		{228BCE44-AB62-4914-B426-8D79E9A2F7FD}.qa1|Any CPU.Build.0 = qa15|Any CPU
		{228BCE44-AB62-4914-B426-8D79E9A2F7FD}.qa10|Any CPU.ActiveCfg = qa15|Any CPU
		{228BCE44-AB62-4914-B426-8D79E9A2F7FD}.qa10|Any CPU.Build.0 = qa15|Any CPU
		{228BCE44-AB62-4914-B426-8D79E9A2F7FD}.qa11|Any CPU.ActiveCfg = qa15|Any CPU
		{228BCE44-AB62-4914-B426-8D79E9A2F7FD}.qa11|Any CPU.Build.0 = qa15|Any CPU
		{228BCE44-AB62-4914-B426-8D79E9A2F7FD}.qa12|Any CPU.ActiveCfg = qa15|Any CPU
		{228BCE44-AB62-4914-B426-8D79E9A2F7FD}.qa12|Any CPU.Build.0 = qa15|Any CPU
		{228BCE44-AB62-4914-B426-8D79E9A2F7FD}.qa13|Any CPU.ActiveCfg = qa15|Any CPU
		{228BCE44-AB62-4914-B426-8D79E9A2F7FD}.qa13|Any CPU.Build.0 = qa15|Any CPU
		{228BCE44-AB62-4914-B426-8D79E9A2F7FD}.qa15|Any CPU.ActiveCfg = qa15|Any CPU
		{228BCE44-AB62-4914-B426-8D79E9A2F7FD}.qa15|Any CPU.Build.0 = qa15|Any CPU
		{228BCE44-AB62-4914-B426-8D79E9A2F7FD}.qa2|Any CPU.ActiveCfg = qa15|Any CPU
		{228BCE44-AB62-4914-B426-8D79E9A2F7FD}.qa2|Any CPU.Build.0 = qa15|Any CPU
		{228BCE44-AB62-4914-B426-8D79E9A2F7FD}.qa3|Any CPU.ActiveCfg = qa15|Any CPU
		{228BCE44-AB62-4914-B426-8D79E9A2F7FD}.qa3|Any CPU.Build.0 = qa15|Any CPU
		{228BCE44-AB62-4914-B426-8D79E9A2F7FD}.qa4|Any CPU.ActiveCfg = Release|Any CPU
		{228BCE44-AB62-4914-B426-8D79E9A2F7FD}.qa4|Any CPU.Build.0 = Release|Any CPU
		{228BCE44-AB62-4914-B426-8D79E9A2F7FD}.qa5|Any CPU.ActiveCfg = qa15|Any CPU
		{228BCE44-AB62-4914-B426-8D79E9A2F7FD}.qa5|Any CPU.Build.0 = qa15|Any CPU
		{228BCE44-AB62-4914-B426-8D79E9A2F7FD}.qa6|Any CPU.ActiveCfg = qa15|Any CPU
		{228BCE44-AB62-4914-B426-8D79E9A2F7FD}.qa6|Any CPU.Build.0 = qa15|Any CPU
		{228BCE44-AB62-4914-B426-8D79E9A2F7FD}.qa7|Any CPU.ActiveCfg = qa15|Any CPU
		{228BCE44-AB62-4914-B426-8D79E9A2F7FD}.qa7|Any CPU.Build.0 = qa15|Any CPU
		{228BCE44-AB62-4914-B426-8D79E9A2F7FD}.qa8|Any CPU.ActiveCfg = qa15|Any CPU
		{228BCE44-AB62-4914-B426-8D79E9A2F7FD}.qa8|Any CPU.Build.0 = qa15|Any CPU
		{228BCE44-AB62-4914-B426-8D79E9A2F7FD}.qa9|Any CPU.ActiveCfg = qa15|Any CPU
		{228BCE44-AB62-4914-B426-8D79E9A2F7FD}.qa9|Any CPU.Build.0 = qa15|Any CPU
		{228BCE44-AB62-4914-B426-8D79E9A2F7FD}.Release|Any CPU.ActiveCfg = Release|Any CPU
		{228BCE44-AB62-4914-B426-8D79E9A2F7FD}.Release|Any CPU.Build.0 = Release|Any CPU
		{228BCE44-AB62-4914-B426-8D79E9A2F7FD}.stage|Any CPU.ActiveCfg = Release|Any CPU
		{228BCE44-AB62-4914-B426-8D79E9A2F7FD}.stage|Any CPU.Build.0 = Release|Any CPU
		{228BCE44-AB62-4914-B426-8D79E9A2F7FD}.test|Any CPU.ActiveCfg = qa15|Any CPU
		{228BCE44-AB62-4914-B426-8D79E9A2F7FD}.test|Any CPU.Build.0 = qa15|Any CPU
		{87C462FE-9F78-48F8-BCFC-DE627AD24050}.Debug|Any CPU.ActiveCfg = Debug|Any CPU
		{87C462FE-9F78-48F8-BCFC-DE627AD24050}.Debug|Any CPU.Build.0 = Debug|Any CPU
		{87C462FE-9F78-48F8-BCFC-DE627AD24050}.dev1|Any CPU.ActiveCfg = Debug|Any CPU
		{87C462FE-9F78-48F8-BCFC-DE627AD24050}.dev1|Any CPU.Build.0 = Debug|Any CPU
		{87C462FE-9F78-48F8-BCFC-DE627AD24050}.dev2|Any CPU.ActiveCfg = Debug|Any CPU
		{87C462FE-9F78-48F8-BCFC-DE627AD24050}.dev2|Any CPU.Build.0 = Debug|Any CPU
		{87C462FE-9F78-48F8-BCFC-DE627AD24050}.dev4|Any CPU.ActiveCfg = Debug|Any CPU
		{87C462FE-9F78-48F8-BCFC-DE627AD24050}.dev4|Any CPU.Build.0 = Debug|Any CPU
		{87C462FE-9F78-48F8-BCFC-DE627AD24050}.local|Any CPU.ActiveCfg = qa15|Any CPU
		{87C462FE-9F78-48F8-BCFC-DE627AD24050}.local|Any CPU.Build.0 = qa15|Any CPU
		{87C462FE-9F78-48F8-BCFC-DE627AD24050}.prod|Any CPU.ActiveCfg = qa15|Any CPU
		{87C462FE-9F78-48F8-BCFC-DE627AD24050}.prod|Any CPU.Build.0 = qa15|Any CPU
		{87C462FE-9F78-48F8-BCFC-DE627AD24050}.qa1|Any CPU.ActiveCfg = qa15|Any CPU
		{87C462FE-9F78-48F8-BCFC-DE627AD24050}.qa1|Any CPU.Build.0 = qa15|Any CPU
		{87C462FE-9F78-48F8-BCFC-DE627AD24050}.qa10|Any CPU.ActiveCfg = qa15|Any CPU
		{87C462FE-9F78-48F8-BCFC-DE627AD24050}.qa10|Any CPU.Build.0 = qa15|Any CPU
		{87C462FE-9F78-48F8-BCFC-DE627AD24050}.qa11|Any CPU.ActiveCfg = qa15|Any CPU
		{87C462FE-9F78-48F8-BCFC-DE627AD24050}.qa11|Any CPU.Build.0 = qa15|Any CPU
		{87C462FE-9F78-48F8-BCFC-DE627AD24050}.qa12|Any CPU.ActiveCfg = qa15|Any CPU
		{87C462FE-9F78-48F8-BCFC-DE627AD24050}.qa12|Any CPU.Build.0 = qa15|Any CPU
		{87C462FE-9F78-48F8-BCFC-DE627AD24050}.qa13|Any CPU.ActiveCfg = qa15|Any CPU
		{87C462FE-9F78-48F8-BCFC-DE627AD24050}.qa13|Any CPU.Build.0 = qa15|Any CPU
		{87C462FE-9F78-48F8-BCFC-DE627AD24050}.qa15|Any CPU.ActiveCfg = qa15|Any CPU
		{87C462FE-9F78-48F8-BCFC-DE627AD24050}.qa15|Any CPU.Build.0 = qa15|Any CPU
		{87C462FE-9F78-48F8-BCFC-DE627AD24050}.qa2|Any CPU.ActiveCfg = qa15|Any CPU
		{87C462FE-9F78-48F8-BCFC-DE627AD24050}.qa2|Any CPU.Build.0 = qa15|Any CPU
		{87C462FE-9F78-48F8-BCFC-DE627AD24050}.qa3|Any CPU.ActiveCfg = qa15|Any CPU
		{87C462FE-9F78-48F8-BCFC-DE627AD24050}.qa3|Any CPU.Build.0 = qa15|Any CPU
		{87C462FE-9F78-48F8-BCFC-DE627AD24050}.qa4|Any CPU.ActiveCfg = Release|Any CPU
		{87C462FE-9F78-48F8-BCFC-DE627AD24050}.qa4|Any CPU.Build.0 = Release|Any CPU
		{87C462FE-9F78-48F8-BCFC-DE627AD24050}.qa5|Any CPU.ActiveCfg = qa15|Any CPU
		{87C462FE-9F78-48F8-BCFC-DE627AD24050}.qa5|Any CPU.Build.0 = qa15|Any CPU
		{87C462FE-9F78-48F8-BCFC-DE627AD24050}.qa6|Any CPU.ActiveCfg = qa15|Any CPU
		{87C462FE-9F78-48F8-BCFC-DE627AD24050}.qa6|Any CPU.Build.0 = qa15|Any CPU
		{87C462FE-9F78-48F8-BCFC-DE627AD24050}.qa7|Any CPU.ActiveCfg = qa15|Any CPU
		{87C462FE-9F78-48F8-BCFC-DE627AD24050}.qa7|Any CPU.Build.0 = qa15|Any CPU
		{87C462FE-9F78-48F8-BCFC-DE627AD24050}.qa8|Any CPU.ActiveCfg = qa15|Any CPU
		{87C462FE-9F78-48F8-BCFC-DE627AD24050}.qa8|Any CPU.Build.0 = qa15|Any CPU
		{87C462FE-9F78-48F8-BCFC-DE627AD24050}.qa9|Any CPU.ActiveCfg = qa15|Any CPU
		{87C462FE-9F78-48F8-BCFC-DE627AD24050}.qa9|Any CPU.Build.0 = qa15|Any CPU
		{87C462FE-9F78-48F8-BCFC-DE627AD24050}.Release|Any CPU.ActiveCfg = Release|Any CPU
		{87C462FE-9F78-48F8-BCFC-DE627AD24050}.Release|Any CPU.Build.0 = Release|Any CPU
		{87C462FE-9F78-48F8-BCFC-DE627AD24050}.stage|Any CPU.ActiveCfg = Release|Any CPU
		{87C462FE-9F78-48F8-BCFC-DE627AD24050}.stage|Any CPU.Build.0 = Release|Any CPU
		{87C462FE-9F78-48F8-BCFC-DE627AD24050}.test|Any CPU.ActiveCfg = qa15|Any CPU
		{87C462FE-9F78-48F8-BCFC-DE627AD24050}.test|Any CPU.Build.0 = qa15|Any CPU
		{BD4AE375-EA2B-4C22-A2D0-18104ADEDF6B}.Debug|Any CPU.ActiveCfg = Debug|Any CPU
		{BD4AE375-EA2B-4C22-A2D0-18104ADEDF6B}.Debug|Any CPU.Build.0 = Debug|Any CPU
		{BD4AE375-EA2B-4C22-A2D0-18104ADEDF6B}.dev1|Any CPU.ActiveCfg = Debug|Any CPU
		{BD4AE375-EA2B-4C22-A2D0-18104ADEDF6B}.dev1|Any CPU.Build.0 = Debug|Any CPU
		{BD4AE375-EA2B-4C22-A2D0-18104ADEDF6B}.dev2|Any CPU.ActiveCfg = Debug|Any CPU
		{BD4AE375-EA2B-4C22-A2D0-18104ADEDF6B}.dev2|Any CPU.Build.0 = Debug|Any CPU
		{BD4AE375-EA2B-4C22-A2D0-18104ADEDF6B}.dev4|Any CPU.ActiveCfg = Debug|Any CPU
		{BD4AE375-EA2B-4C22-A2D0-18104ADEDF6B}.dev4|Any CPU.Build.0 = Debug|Any CPU
		{BD4AE375-EA2B-4C22-A2D0-18104ADEDF6B}.local|Any CPU.ActiveCfg = qa15|Any CPU
		{BD4AE375-EA2B-4C22-A2D0-18104ADEDF6B}.local|Any CPU.Build.0 = qa15|Any CPU
		{BD4AE375-EA2B-4C22-A2D0-18104ADEDF6B}.prod|Any CPU.ActiveCfg = qa15|Any CPU
		{BD4AE375-EA2B-4C22-A2D0-18104ADEDF6B}.prod|Any CPU.Build.0 = qa15|Any CPU
		{BD4AE375-EA2B-4C22-A2D0-18104ADEDF6B}.qa1|Any CPU.ActiveCfg = qa15|Any CPU
		{BD4AE375-EA2B-4C22-A2D0-18104ADEDF6B}.qa1|Any CPU.Build.0 = qa15|Any CPU
		{BD4AE375-EA2B-4C22-A2D0-18104ADEDF6B}.qa10|Any CPU.ActiveCfg = qa15|Any CPU
		{BD4AE375-EA2B-4C22-A2D0-18104ADEDF6B}.qa10|Any CPU.Build.0 = qa15|Any CPU
		{BD4AE375-EA2B-4C22-A2D0-18104ADEDF6B}.qa11|Any CPU.ActiveCfg = qa15|Any CPU
		{BD4AE375-EA2B-4C22-A2D0-18104ADEDF6B}.qa11|Any CPU.Build.0 = qa15|Any CPU
		{BD4AE375-EA2B-4C22-A2D0-18104ADEDF6B}.qa12|Any CPU.ActiveCfg = qa15|Any CPU
		{BD4AE375-EA2B-4C22-A2D0-18104ADEDF6B}.qa12|Any CPU.Build.0 = qa15|Any CPU
		{BD4AE375-EA2B-4C22-A2D0-18104ADEDF6B}.qa13|Any CPU.ActiveCfg = qa15|Any CPU
		{BD4AE375-EA2B-4C22-A2D0-18104ADEDF6B}.qa13|Any CPU.Build.0 = qa15|Any CPU
		{BD4AE375-EA2B-4C22-A2D0-18104ADEDF6B}.qa15|Any CPU.ActiveCfg = qa15|Any CPU
		{BD4AE375-EA2B-4C22-A2D0-18104ADEDF6B}.qa15|Any CPU.Build.0 = qa15|Any CPU
		{BD4AE375-EA2B-4C22-A2D0-18104ADEDF6B}.qa2|Any CPU.ActiveCfg = qa15|Any CPU
		{BD4AE375-EA2B-4C22-A2D0-18104ADEDF6B}.qa2|Any CPU.Build.0 = qa15|Any CPU
		{BD4AE375-EA2B-4C22-A2D0-18104ADEDF6B}.qa3|Any CPU.ActiveCfg = qa15|Any CPU
		{BD4AE375-EA2B-4C22-A2D0-18104ADEDF6B}.qa3|Any CPU.Build.0 = qa15|Any CPU
		{BD4AE375-EA2B-4C22-A2D0-18104ADEDF6B}.qa4|Any CPU.ActiveCfg = Release|Any CPU
		{BD4AE375-EA2B-4C22-A2D0-18104ADEDF6B}.qa4|Any CPU.Build.0 = Release|Any CPU
		{BD4AE375-EA2B-4C22-A2D0-18104ADEDF6B}.qa5|Any CPU.ActiveCfg = qa15|Any CPU
		{BD4AE375-EA2B-4C22-A2D0-18104ADEDF6B}.qa5|Any CPU.Build.0 = qa15|Any CPU
		{BD4AE375-EA2B-4C22-A2D0-18104ADEDF6B}.qa6|Any CPU.ActiveCfg = qa15|Any CPU
		{BD4AE375-EA2B-4C22-A2D0-18104ADEDF6B}.qa6|Any CPU.Build.0 = qa15|Any CPU
		{BD4AE375-EA2B-4C22-A2D0-18104ADEDF6B}.qa7|Any CPU.ActiveCfg = qa15|Any CPU
		{BD4AE375-EA2B-4C22-A2D0-18104ADEDF6B}.qa7|Any CPU.Build.0 = qa15|Any CPU
		{BD4AE375-EA2B-4C22-A2D0-18104ADEDF6B}.qa8|Any CPU.ActiveCfg = qa15|Any CPU
		{BD4AE375-EA2B-4C22-A2D0-18104ADEDF6B}.qa8|Any CPU.Build.0 = qa15|Any CPU
		{BD4AE375-EA2B-4C22-A2D0-18104ADEDF6B}.qa9|Any CPU.ActiveCfg = qa15|Any CPU
		{BD4AE375-EA2B-4C22-A2D0-18104ADEDF6B}.qa9|Any CPU.Build.0 = qa15|Any CPU
		{BD4AE375-EA2B-4C22-A2D0-18104ADEDF6B}.Release|Any CPU.ActiveCfg = Release|Any CPU
		{BD4AE375-EA2B-4C22-A2D0-18104ADEDF6B}.Release|Any CPU.Build.0 = Release|Any CPU
		{BD4AE375-EA2B-4C22-A2D0-18104ADEDF6B}.stage|Any CPU.ActiveCfg = Release|Any CPU
		{BD4AE375-EA2B-4C22-A2D0-18104ADEDF6B}.stage|Any CPU.Build.0 = Release|Any CPU
		{BD4AE375-EA2B-4C22-A2D0-18104ADEDF6B}.test|Any CPU.ActiveCfg = qa15|Any CPU
		{BD4AE375-EA2B-4C22-A2D0-18104ADEDF6B}.test|Any CPU.Build.0 = qa15|Any CPU
		{195B0595-7D8A-4B8A-B60A-E07347A35778}.Debug|Any CPU.ActiveCfg = Debug|Any CPU
		{195B0595-7D8A-4B8A-B60A-E07347A35778}.Debug|Any CPU.Build.0 = Debug|Any CPU
		{195B0595-7D8A-4B8A-B60A-E07347A35778}.dev1|Any CPU.ActiveCfg = Debug|Any CPU
		{195B0595-7D8A-4B8A-B60A-E07347A35778}.dev1|Any CPU.Build.0 = Debug|Any CPU
		{195B0595-7D8A-4B8A-B60A-E07347A35778}.dev2|Any CPU.ActiveCfg = Debug|Any CPU
		{195B0595-7D8A-4B8A-B60A-E07347A35778}.dev2|Any CPU.Build.0 = Debug|Any CPU
		{195B0595-7D8A-4B8A-B60A-E07347A35778}.dev4|Any CPU.ActiveCfg = Debug|Any CPU
		{195B0595-7D8A-4B8A-B60A-E07347A35778}.dev4|Any CPU.Build.0 = Debug|Any CPU
		{195B0595-7D8A-4B8A-B60A-E07347A35778}.local|Any CPU.ActiveCfg = qa15|Any CPU
		{195B0595-7D8A-4B8A-B60A-E07347A35778}.local|Any CPU.Build.0 = qa15|Any CPU
		{195B0595-7D8A-4B8A-B60A-E07347A35778}.prod|Any CPU.ActiveCfg = qa15|Any CPU
		{195B0595-7D8A-4B8A-B60A-E07347A35778}.prod|Any CPU.Build.0 = qa15|Any CPU
		{195B0595-7D8A-4B8A-B60A-E07347A35778}.qa1|Any CPU.ActiveCfg = qa15|Any CPU
		{195B0595-7D8A-4B8A-B60A-E07347A35778}.qa1|Any CPU.Build.0 = qa15|Any CPU
		{195B0595-7D8A-4B8A-B60A-E07347A35778}.qa10|Any CPU.ActiveCfg = qa15|Any CPU
		{195B0595-7D8A-4B8A-B60A-E07347A35778}.qa10|Any CPU.Build.0 = qa15|Any CPU
		{195B0595-7D8A-4B8A-B60A-E07347A35778}.qa11|Any CPU.ActiveCfg = qa15|Any CPU
		{195B0595-7D8A-4B8A-B60A-E07347A35778}.qa11|Any CPU.Build.0 = qa15|Any CPU
		{195B0595-7D8A-4B8A-B60A-E07347A35778}.qa12|Any CPU.ActiveCfg = qa15|Any CPU
		{195B0595-7D8A-4B8A-B60A-E07347A35778}.qa12|Any CPU.Build.0 = qa15|Any CPU
		{195B0595-7D8A-4B8A-B60A-E07347A35778}.qa13|Any CPU.ActiveCfg = qa15|Any CPU
		{195B0595-7D8A-4B8A-B60A-E07347A35778}.qa13|Any CPU.Build.0 = qa15|Any CPU
		{195B0595-7D8A-4B8A-B60A-E07347A35778}.qa15|Any CPU.ActiveCfg = qa15|Any CPU
		{195B0595-7D8A-4B8A-B60A-E07347A35778}.qa15|Any CPU.Build.0 = qa15|Any CPU
		{195B0595-7D8A-4B8A-B60A-E07347A35778}.qa2|Any CPU.ActiveCfg = qa15|Any CPU
		{195B0595-7D8A-4B8A-B60A-E07347A35778}.qa2|Any CPU.Build.0 = qa15|Any CPU
		{195B0595-7D8A-4B8A-B60A-E07347A35778}.qa3|Any CPU.ActiveCfg = qa15|Any CPU
		{195B0595-7D8A-4B8A-B60A-E07347A35778}.qa3|Any CPU.Build.0 = qa15|Any CPU
		{195B0595-7D8A-4B8A-B60A-E07347A35778}.qa4|Any CPU.ActiveCfg = Release|Any CPU
		{195B0595-7D8A-4B8A-B60A-E07347A35778}.qa4|Any CPU.Build.0 = Release|Any CPU
		{195B0595-7D8A-4B8A-B60A-E07347A35778}.qa5|Any CPU.ActiveCfg = qa15|Any CPU
		{195B0595-7D8A-4B8A-B60A-E07347A35778}.qa5|Any CPU.Build.0 = qa15|Any CPU
		{195B0595-7D8A-4B8A-B60A-E07347A35778}.qa6|Any CPU.ActiveCfg = qa15|Any CPU
		{195B0595-7D8A-4B8A-B60A-E07347A35778}.qa6|Any CPU.Build.0 = qa15|Any CPU
		{195B0595-7D8A-4B8A-B60A-E07347A35778}.qa7|Any CPU.ActiveCfg = qa15|Any CPU
		{195B0595-7D8A-4B8A-B60A-E07347A35778}.qa7|Any CPU.Build.0 = qa15|Any CPU
		{195B0595-7D8A-4B8A-B60A-E07347A35778}.qa8|Any CPU.ActiveCfg = qa15|Any CPU
		{195B0595-7D8A-4B8A-B60A-E07347A35778}.qa8|Any CPU.Build.0 = qa15|Any CPU
		{195B0595-7D8A-4B8A-B60A-E07347A35778}.qa9|Any CPU.ActiveCfg = qa15|Any CPU
		{195B0595-7D8A-4B8A-B60A-E07347A35778}.qa9|Any CPU.Build.0 = qa15|Any CPU
		{195B0595-7D8A-4B8A-B60A-E07347A35778}.Release|Any CPU.ActiveCfg = Release|Any CPU
		{195B0595-7D8A-4B8A-B60A-E07347A35778}.Release|Any CPU.Build.0 = Release|Any CPU
		{195B0595-7D8A-4B8A-B60A-E07347A35778}.stage|Any CPU.ActiveCfg = Release|Any CPU
		{195B0595-7D8A-4B8A-B60A-E07347A35778}.stage|Any CPU.Build.0 = Release|Any CPU
		{195B0595-7D8A-4B8A-B60A-E07347A35778}.test|Any CPU.ActiveCfg = qa15|Any CPU
		{195B0595-7D8A-4B8A-B60A-E07347A35778}.test|Any CPU.Build.0 = qa15|Any CPU
		{BACD9596-F317-48F6-847E-1526A190C93E}.Debug|Any CPU.ActiveCfg = Debug|Any CPU
		{BACD9596-F317-48F6-847E-1526A190C93E}.Debug|Any CPU.Build.0 = Debug|Any CPU
		{BACD9596-F317-48F6-847E-1526A190C93E}.dev1|Any CPU.ActiveCfg = Debug|Any CPU
		{BACD9596-F317-48F6-847E-1526A190C93E}.dev1|Any CPU.Build.0 = Debug|Any CPU
		{BACD9596-F317-48F6-847E-1526A190C93E}.dev2|Any CPU.ActiveCfg = Debug|Any CPU
		{BACD9596-F317-48F6-847E-1526A190C93E}.dev2|Any CPU.Build.0 = Debug|Any CPU
		{BACD9596-F317-48F6-847E-1526A190C93E}.dev4|Any CPU.ActiveCfg = Debug|Any CPU
		{BACD9596-F317-48F6-847E-1526A190C93E}.dev4|Any CPU.Build.0 = Debug|Any CPU
		{BACD9596-F317-48F6-847E-1526A190C93E}.local|Any CPU.ActiveCfg = qa15|Any CPU
		{BACD9596-F317-48F6-847E-1526A190C93E}.local|Any CPU.Build.0 = qa15|Any CPU
		{BACD9596-F317-48F6-847E-1526A190C93E}.prod|Any CPU.ActiveCfg = qa15|Any CPU
		{BACD9596-F317-48F6-847E-1526A190C93E}.prod|Any CPU.Build.0 = qa15|Any CPU
		{BACD9596-F317-48F6-847E-1526A190C93E}.qa1|Any CPU.ActiveCfg = qa15|Any CPU
		{BACD9596-F317-48F6-847E-1526A190C93E}.qa1|Any CPU.Build.0 = qa15|Any CPU
		{BACD9596-F317-48F6-847E-1526A190C93E}.qa10|Any CPU.ActiveCfg = qa15|Any CPU
		{BACD9596-F317-48F6-847E-1526A190C93E}.qa10|Any CPU.Build.0 = qa15|Any CPU
		{BACD9596-F317-48F6-847E-1526A190C93E}.qa11|Any CPU.ActiveCfg = qa15|Any CPU
		{BACD9596-F317-48F6-847E-1526A190C93E}.qa11|Any CPU.Build.0 = qa15|Any CPU
		{BACD9596-F317-48F6-847E-1526A190C93E}.qa12|Any CPU.ActiveCfg = qa15|Any CPU
		{BACD9596-F317-48F6-847E-1526A190C93E}.qa12|Any CPU.Build.0 = qa15|Any CPU
		{BACD9596-F317-48F6-847E-1526A190C93E}.qa13|Any CPU.ActiveCfg = qa15|Any CPU
		{BACD9596-F317-48F6-847E-1526A190C93E}.qa13|Any CPU.Build.0 = qa15|Any CPU
		{BACD9596-F317-48F6-847E-1526A190C93E}.qa15|Any CPU.ActiveCfg = qa15|Any CPU
		{BACD9596-F317-48F6-847E-1526A190C93E}.qa15|Any CPU.Build.0 = qa15|Any CPU
		{BACD9596-F317-48F6-847E-1526A190C93E}.qa2|Any CPU.ActiveCfg = qa15|Any CPU
		{BACD9596-F317-48F6-847E-1526A190C93E}.qa2|Any CPU.Build.0 = qa15|Any CPU
		{BACD9596-F317-48F6-847E-1526A190C93E}.qa3|Any CPU.ActiveCfg = qa15|Any CPU
		{BACD9596-F317-48F6-847E-1526A190C93E}.qa3|Any CPU.Build.0 = qa15|Any CPU
		{BACD9596-F317-48F6-847E-1526A190C93E}.qa4|Any CPU.ActiveCfg = Release|Any CPU
		{BACD9596-F317-48F6-847E-1526A190C93E}.qa4|Any CPU.Build.0 = Release|Any CPU
		{BACD9596-F317-48F6-847E-1526A190C93E}.qa5|Any CPU.ActiveCfg = qa15|Any CPU
		{BACD9596-F317-48F6-847E-1526A190C93E}.qa5|Any CPU.Build.0 = qa15|Any CPU
		{BACD9596-F317-48F6-847E-1526A190C93E}.qa6|Any CPU.ActiveCfg = qa15|Any CPU
		{BACD9596-F317-48F6-847E-1526A190C93E}.qa6|Any CPU.Build.0 = qa15|Any CPU
		{BACD9596-F317-48F6-847E-1526A190C93E}.qa7|Any CPU.ActiveCfg = qa15|Any CPU
		{BACD9596-F317-48F6-847E-1526A190C93E}.qa7|Any CPU.Build.0 = qa15|Any CPU
		{BACD9596-F317-48F6-847E-1526A190C93E}.qa8|Any CPU.ActiveCfg = qa15|Any CPU
		{BACD9596-F317-48F6-847E-1526A190C93E}.qa8|Any CPU.Build.0 = qa15|Any CPU
		{BACD9596-F317-48F6-847E-1526A190C93E}.qa9|Any CPU.ActiveCfg = qa15|Any CPU
		{BACD9596-F317-48F6-847E-1526A190C93E}.qa9|Any CPU.Build.0 = qa15|Any CPU
		{BACD9596-F317-48F6-847E-1526A190C93E}.Release|Any CPU.ActiveCfg = Release|Any CPU
		{BACD9596-F317-48F6-847E-1526A190C93E}.Release|Any CPU.Build.0 = Release|Any CPU
		{BACD9596-F317-48F6-847E-1526A190C93E}.stage|Any CPU.ActiveCfg = Release|Any CPU
		{BACD9596-F317-48F6-847E-1526A190C93E}.stage|Any CPU.Build.0 = Release|Any CPU
		{BACD9596-F317-48F6-847E-1526A190C93E}.test|Any CPU.ActiveCfg = qa15|Any CPU
		{BACD9596-F317-48F6-847E-1526A190C93E}.test|Any CPU.Build.0 = qa15|Any CPU
		{2D0A2151-2406-40EB-A49E-7B7045581E9A}.Debug|Any CPU.ActiveCfg = Debug|Any CPU
		{2D0A2151-2406-40EB-A49E-7B7045581E9A}.Debug|Any CPU.Build.0 = Debug|Any CPU
		{2D0A2151-2406-40EB-A49E-7B7045581E9A}.dev1|Any CPU.ActiveCfg = Debug|Any CPU
		{2D0A2151-2406-40EB-A49E-7B7045581E9A}.dev1|Any CPU.Build.0 = Debug|Any CPU
		{2D0A2151-2406-40EB-A49E-7B7045581E9A}.dev2|Any CPU.ActiveCfg = Debug|Any CPU
		{2D0A2151-2406-40EB-A49E-7B7045581E9A}.dev2|Any CPU.Build.0 = Debug|Any CPU
		{2D0A2151-2406-40EB-A49E-7B7045581E9A}.dev4|Any CPU.ActiveCfg = Debug|Any CPU
		{2D0A2151-2406-40EB-A49E-7B7045581E9A}.dev4|Any CPU.Build.0 = Debug|Any CPU
		{2D0A2151-2406-40EB-A49E-7B7045581E9A}.local|Any CPU.ActiveCfg = qa15|Any CPU
		{2D0A2151-2406-40EB-A49E-7B7045581E9A}.local|Any CPU.Build.0 = qa15|Any CPU
		{2D0A2151-2406-40EB-A49E-7B7045581E9A}.prod|Any CPU.ActiveCfg = qa15|Any CPU
		{2D0A2151-2406-40EB-A49E-7B7045581E9A}.prod|Any CPU.Build.0 = qa15|Any CPU
		{2D0A2151-2406-40EB-A49E-7B7045581E9A}.qa1|Any CPU.ActiveCfg = qa15|Any CPU
		{2D0A2151-2406-40EB-A49E-7B7045581E9A}.qa1|Any CPU.Build.0 = qa15|Any CPU
		{2D0A2151-2406-40EB-A49E-7B7045581E9A}.qa10|Any CPU.ActiveCfg = qa15|Any CPU
		{2D0A2151-2406-40EB-A49E-7B7045581E9A}.qa10|Any CPU.Build.0 = qa15|Any CPU
		{2D0A2151-2406-40EB-A49E-7B7045581E9A}.qa11|Any CPU.ActiveCfg = qa15|Any CPU
		{2D0A2151-2406-40EB-A49E-7B7045581E9A}.qa11|Any CPU.Build.0 = qa15|Any CPU
		{2D0A2151-2406-40EB-A49E-7B7045581E9A}.qa12|Any CPU.ActiveCfg = qa15|Any CPU
		{2D0A2151-2406-40EB-A49E-7B7045581E9A}.qa12|Any CPU.Build.0 = qa15|Any CPU
		{2D0A2151-2406-40EB-A49E-7B7045581E9A}.qa13|Any CPU.ActiveCfg = qa15|Any CPU
		{2D0A2151-2406-40EB-A49E-7B7045581E9A}.qa13|Any CPU.Build.0 = qa15|Any CPU
		{2D0A2151-2406-40EB-A49E-7B7045581E9A}.qa15|Any CPU.ActiveCfg = qa15|Any CPU
		{2D0A2151-2406-40EB-A49E-7B7045581E9A}.qa15|Any CPU.Build.0 = qa15|Any CPU
		{2D0A2151-2406-40EB-A49E-7B7045581E9A}.qa2|Any CPU.ActiveCfg = qa15|Any CPU
		{2D0A2151-2406-40EB-A49E-7B7045581E9A}.qa2|Any CPU.Build.0 = qa15|Any CPU
		{2D0A2151-2406-40EB-A49E-7B7045581E9A}.qa3|Any CPU.ActiveCfg = qa15|Any CPU
		{2D0A2151-2406-40EB-A49E-7B7045581E9A}.qa3|Any CPU.Build.0 = qa15|Any CPU
		{2D0A2151-2406-40EB-A49E-7B7045581E9A}.qa4|Any CPU.ActiveCfg = Release|Any CPU
		{2D0A2151-2406-40EB-A49E-7B7045581E9A}.qa4|Any CPU.Build.0 = Release|Any CPU
		{2D0A2151-2406-40EB-A49E-7B7045581E9A}.qa5|Any CPU.ActiveCfg = qa15|Any CPU
		{2D0A2151-2406-40EB-A49E-7B7045581E9A}.qa5|Any CPU.Build.0 = qa15|Any CPU
		{2D0A2151-2406-40EB-A49E-7B7045581E9A}.qa6|Any CPU.ActiveCfg = qa15|Any CPU
		{2D0A2151-2406-40EB-A49E-7B7045581E9A}.qa6|Any CPU.Build.0 = qa15|Any CPU
		{2D0A2151-2406-40EB-A49E-7B7045581E9A}.qa7|Any CPU.ActiveCfg = qa15|Any CPU
		{2D0A2151-2406-40EB-A49E-7B7045581E9A}.qa7|Any CPU.Build.0 = qa15|Any CPU
		{2D0A2151-2406-40EB-A49E-7B7045581E9A}.qa8|Any CPU.ActiveCfg = qa15|Any CPU
		{2D0A2151-2406-40EB-A49E-7B7045581E9A}.qa8|Any CPU.Build.0 = qa15|Any CPU
		{2D0A2151-2406-40EB-A49E-7B7045581E9A}.qa9|Any CPU.ActiveCfg = qa15|Any CPU
		{2D0A2151-2406-40EB-A49E-7B7045581E9A}.qa9|Any CPU.Build.0 = qa15|Any CPU
		{2D0A2151-2406-40EB-A49E-7B7045581E9A}.Release|Any CPU.ActiveCfg = Release|Any CPU
		{2D0A2151-2406-40EB-A49E-7B7045581E9A}.Release|Any CPU.Build.0 = Release|Any CPU
		{2D0A2151-2406-40EB-A49E-7B7045581E9A}.stage|Any CPU.ActiveCfg = Release|Any CPU
		{2D0A2151-2406-40EB-A49E-7B7045581E9A}.stage|Any CPU.Build.0 = Release|Any CPU
		{2D0A2151-2406-40EB-A49E-7B7045581E9A}.test|Any CPU.ActiveCfg = qa15|Any CPU
		{2D0A2151-2406-40EB-A49E-7B7045581E9A}.test|Any CPU.Build.0 = qa15|Any CPU
		{35C238EA-CBCE-40B2-8907-E5A0C92697B5}.Debug|Any CPU.ActiveCfg = Debug|Any CPU
		{35C238EA-CBCE-40B2-8907-E5A0C92697B5}.Debug|Any CPU.Build.0 = Debug|Any CPU
		{35C238EA-CBCE-40B2-8907-E5A0C92697B5}.dev1|Any CPU.ActiveCfg = Debug|Any CPU
		{35C238EA-CBCE-40B2-8907-E5A0C92697B5}.dev1|Any CPU.Build.0 = Debug|Any CPU
		{35C238EA-CBCE-40B2-8907-E5A0C92697B5}.dev2|Any CPU.ActiveCfg = Debug|Any CPU
		{35C238EA-CBCE-40B2-8907-E5A0C92697B5}.dev2|Any CPU.Build.0 = Debug|Any CPU
		{35C238EA-CBCE-40B2-8907-E5A0C92697B5}.dev4|Any CPU.ActiveCfg = Debug|Any CPU
		{35C238EA-CBCE-40B2-8907-E5A0C92697B5}.dev4|Any CPU.Build.0 = Debug|Any CPU
		{35C238EA-CBCE-40B2-8907-E5A0C92697B5}.local|Any CPU.ActiveCfg = qa15|Any CPU
		{35C238EA-CBCE-40B2-8907-E5A0C92697B5}.local|Any CPU.Build.0 = qa15|Any CPU
		{35C238EA-CBCE-40B2-8907-E5A0C92697B5}.prod|Any CPU.ActiveCfg = qa15|Any CPU
		{35C238EA-CBCE-40B2-8907-E5A0C92697B5}.prod|Any CPU.Build.0 = qa15|Any CPU
		{35C238EA-CBCE-40B2-8907-E5A0C92697B5}.qa1|Any CPU.ActiveCfg = qa15|Any CPU
		{35C238EA-CBCE-40B2-8907-E5A0C92697B5}.qa1|Any CPU.Build.0 = qa15|Any CPU
		{35C238EA-CBCE-40B2-8907-E5A0C92697B5}.qa10|Any CPU.ActiveCfg = qa15|Any CPU
		{35C238EA-CBCE-40B2-8907-E5A0C92697B5}.qa10|Any CPU.Build.0 = qa15|Any CPU
		{35C238EA-CBCE-40B2-8907-E5A0C92697B5}.qa11|Any CPU.ActiveCfg = qa15|Any CPU
		{35C238EA-CBCE-40B2-8907-E5A0C92697B5}.qa11|Any CPU.Build.0 = qa15|Any CPU
		{35C238EA-CBCE-40B2-8907-E5A0C92697B5}.qa12|Any CPU.ActiveCfg = qa15|Any CPU
		{35C238EA-CBCE-40B2-8907-E5A0C92697B5}.qa12|Any CPU.Build.0 = qa15|Any CPU
		{35C238EA-CBCE-40B2-8907-E5A0C92697B5}.qa13|Any CPU.ActiveCfg = qa15|Any CPU
		{35C238EA-CBCE-40B2-8907-E5A0C92697B5}.qa13|Any CPU.Build.0 = qa15|Any CPU
		{35C238EA-CBCE-40B2-8907-E5A0C92697B5}.qa15|Any CPU.ActiveCfg = qa15|Any CPU
		{35C238EA-CBCE-40B2-8907-E5A0C92697B5}.qa15|Any CPU.Build.0 = qa15|Any CPU
		{35C238EA-CBCE-40B2-8907-E5A0C92697B5}.qa2|Any CPU.ActiveCfg = qa15|Any CPU
		{35C238EA-CBCE-40B2-8907-E5A0C92697B5}.qa2|Any CPU.Build.0 = qa15|Any CPU
		{35C238EA-CBCE-40B2-8907-E5A0C92697B5}.qa3|Any CPU.ActiveCfg = qa15|Any CPU
		{35C238EA-CBCE-40B2-8907-E5A0C92697B5}.qa3|Any CPU.Build.0 = qa15|Any CPU
		{35C238EA-CBCE-40B2-8907-E5A0C92697B5}.qa4|Any CPU.ActiveCfg = Release|Any CPU
		{35C238EA-CBCE-40B2-8907-E5A0C92697B5}.qa4|Any CPU.Build.0 = Release|Any CPU
		{35C238EA-CBCE-40B2-8907-E5A0C92697B5}.qa5|Any CPU.ActiveCfg = qa15|Any CPU
		{35C238EA-CBCE-40B2-8907-E5A0C92697B5}.qa5|Any CPU.Build.0 = qa15|Any CPU
		{35C238EA-CBCE-40B2-8907-E5A0C92697B5}.qa6|Any CPU.ActiveCfg = qa15|Any CPU
		{35C238EA-CBCE-40B2-8907-E5A0C92697B5}.qa6|Any CPU.Build.0 = qa15|Any CPU
		{35C238EA-CBCE-40B2-8907-E5A0C92697B5}.qa7|Any CPU.ActiveCfg = qa15|Any CPU
		{35C238EA-CBCE-40B2-8907-E5A0C92697B5}.qa7|Any CPU.Build.0 = qa15|Any CPU
		{35C238EA-CBCE-40B2-8907-E5A0C92697B5}.qa8|Any CPU.ActiveCfg = qa15|Any CPU
		{35C238EA-CBCE-40B2-8907-E5A0C92697B5}.qa8|Any CPU.Build.0 = qa15|Any CPU
		{35C238EA-CBCE-40B2-8907-E5A0C92697B5}.qa9|Any CPU.ActiveCfg = qa15|Any CPU
		{35C238EA-CBCE-40B2-8907-E5A0C92697B5}.qa9|Any CPU.Build.0 = qa15|Any CPU
		{35C238EA-CBCE-40B2-8907-E5A0C92697B5}.Release|Any CPU.ActiveCfg = Release|Any CPU
		{35C238EA-CBCE-40B2-8907-E5A0C92697B5}.Release|Any CPU.Build.0 = Release|Any CPU
		{35C238EA-CBCE-40B2-8907-E5A0C92697B5}.stage|Any CPU.ActiveCfg = Release|Any CPU
		{35C238EA-CBCE-40B2-8907-E5A0C92697B5}.stage|Any CPU.Build.0 = Release|Any CPU
		{35C238EA-CBCE-40B2-8907-E5A0C92697B5}.test|Any CPU.ActiveCfg = qa15|Any CPU
		{35C238EA-CBCE-40B2-8907-E5A0C92697B5}.test|Any CPU.Build.0 = qa15|Any CPU
		{BD73A349-39C4-42D3-9FCE-ABEAD2550450}.Debug|Any CPU.ActiveCfg = Debug|Any CPU
		{BD73A349-39C4-42D3-9FCE-ABEAD2550450}.Debug|Any CPU.Build.0 = Debug|Any CPU
		{BD73A349-39C4-42D3-9FCE-ABEAD2550450}.dev1|Any CPU.ActiveCfg = Debug|Any CPU
		{BD73A349-39C4-42D3-9FCE-ABEAD2550450}.dev1|Any CPU.Build.0 = Debug|Any CPU
		{BD73A349-39C4-42D3-9FCE-ABEAD2550450}.dev2|Any CPU.ActiveCfg = Debug|Any CPU
		{BD73A349-39C4-42D3-9FCE-ABEAD2550450}.dev2|Any CPU.Build.0 = Debug|Any CPU
		{BD73A349-39C4-42D3-9FCE-ABEAD2550450}.dev4|Any CPU.ActiveCfg = Debug|Any CPU
		{BD73A349-39C4-42D3-9FCE-ABEAD2550450}.dev4|Any CPU.Build.0 = Debug|Any CPU
		{BD73A349-39C4-42D3-9FCE-ABEAD2550450}.local|Any CPU.ActiveCfg = Release|Any CPU
		{BD73A349-39C4-42D3-9FCE-ABEAD2550450}.local|Any CPU.Build.0 = Release|Any CPU
		{BD73A349-39C4-42D3-9FCE-ABEAD2550450}.prod|Any CPU.ActiveCfg = Release|Any CPU
		{BD73A349-39C4-42D3-9FCE-ABEAD2550450}.prod|Any CPU.Build.0 = Release|Any CPU
		{BD73A349-39C4-42D3-9FCE-ABEAD2550450}.qa1|Any CPU.ActiveCfg = Release|Any CPU
		{BD73A349-39C4-42D3-9FCE-ABEAD2550450}.qa1|Any CPU.Build.0 = Release|Any CPU
		{BD73A349-39C4-42D3-9FCE-ABEAD2550450}.qa10|Any CPU.ActiveCfg = Release|Any CPU
		{BD73A349-39C4-42D3-9FCE-ABEAD2550450}.qa10|Any CPU.Build.0 = Release|Any CPU
		{BD73A349-39C4-42D3-9FCE-ABEAD2550450}.qa11|Any CPU.ActiveCfg = Release|Any CPU
		{BD73A349-39C4-42D3-9FCE-ABEAD2550450}.qa11|Any CPU.Build.0 = Release|Any CPU
		{BD73A349-39C4-42D3-9FCE-ABEAD2550450}.qa12|Any CPU.ActiveCfg = Release|Any CPU
		{BD73A349-39C4-42D3-9FCE-ABEAD2550450}.qa12|Any CPU.Build.0 = Release|Any CPU
		{BD73A349-39C4-42D3-9FCE-ABEAD2550450}.qa13|Any CPU.ActiveCfg = Release|Any CPU
		{BD73A349-39C4-42D3-9FCE-ABEAD2550450}.qa13|Any CPU.Build.0 = Release|Any CPU
		{BD73A349-39C4-42D3-9FCE-ABEAD2550450}.qa15|Any CPU.ActiveCfg = Release|Any CPU
		{BD73A349-39C4-42D3-9FCE-ABEAD2550450}.qa15|Any CPU.Build.0 = Release|Any CPU
		{BD73A349-39C4-42D3-9FCE-ABEAD2550450}.qa2|Any CPU.ActiveCfg = Release|Any CPU
		{BD73A349-39C4-42D3-9FCE-ABEAD2550450}.qa2|Any CPU.Build.0 = Release|Any CPU
		{BD73A349-39C4-42D3-9FCE-ABEAD2550450}.qa3|Any CPU.ActiveCfg = Release|Any CPU
		{BD73A349-39C4-42D3-9FCE-ABEAD2550450}.qa3|Any CPU.Build.0 = Release|Any CPU
		{BD73A349-39C4-42D3-9FCE-ABEAD2550450}.qa4|Any CPU.ActiveCfg = Release|Any CPU
		{BD73A349-39C4-42D3-9FCE-ABEAD2550450}.qa4|Any CPU.Build.0 = Release|Any CPU
		{BD73A349-39C4-42D3-9FCE-ABEAD2550450}.qa5|Any CPU.ActiveCfg = Release|Any CPU
		{BD73A349-39C4-42D3-9FCE-ABEAD2550450}.qa5|Any CPU.Build.0 = Release|Any CPU
		{BD73A349-39C4-42D3-9FCE-ABEAD2550450}.qa6|Any CPU.ActiveCfg = Release|Any CPU
		{BD73A349-39C4-42D3-9FCE-ABEAD2550450}.qa6|Any CPU.Build.0 = Release|Any CPU
		{BD73A349-39C4-42D3-9FCE-ABEAD2550450}.qa7|Any CPU.ActiveCfg = Release|Any CPU
		{BD73A349-39C4-42D3-9FCE-ABEAD2550450}.qa7|Any CPU.Build.0 = Release|Any CPU
		{BD73A349-39C4-42D3-9FCE-ABEAD2550450}.qa8|Any CPU.ActiveCfg = Release|Any CPU
		{BD73A349-39C4-42D3-9FCE-ABEAD2550450}.qa8|Any CPU.Build.0 = Release|Any CPU
		{BD73A349-39C4-42D3-9FCE-ABEAD2550450}.qa9|Any CPU.ActiveCfg = Release|Any CPU
		{BD73A349-39C4-42D3-9FCE-ABEAD2550450}.qa9|Any CPU.Build.0 = Release|Any CPU
		{BD73A349-39C4-42D3-9FCE-ABEAD2550450}.Release|Any CPU.ActiveCfg = Release|Any CPU
		{BD73A349-39C4-42D3-9FCE-ABEAD2550450}.Release|Any CPU.Build.0 = Release|Any CPU
		{BD73A349-39C4-42D3-9FCE-ABEAD2550450}.stage|Any CPU.ActiveCfg = Release|Any CPU
		{BD73A349-39C4-42D3-9FCE-ABEAD2550450}.stage|Any CPU.Build.0 = Release|Any CPU
		{BD73A349-39C4-42D3-9FCE-ABEAD2550450}.test|Any CPU.ActiveCfg = Release|Any CPU
		{BD73A349-39C4-42D3-9FCE-ABEAD2550450}.test|Any CPU.Build.0 = Release|Any CPU
		{008B44CA-AF8C-4C26-A75A-23EAE01267D7}.Debug|Any CPU.ActiveCfg = Debug|Any CPU
		{008B44CA-AF8C-4C26-A75A-23EAE01267D7}.Debug|Any CPU.Build.0 = Debug|Any CPU
		{008B44CA-AF8C-4C26-A75A-23EAE01267D7}.dev1|Any CPU.ActiveCfg = Debug|Any CPU
		{008B44CA-AF8C-4C26-A75A-23EAE01267D7}.dev1|Any CPU.Build.0 = Debug|Any CPU
		{008B44CA-AF8C-4C26-A75A-23EAE01267D7}.dev2|Any CPU.ActiveCfg = Debug|Any CPU
		{008B44CA-AF8C-4C26-A75A-23EAE01267D7}.dev2|Any CPU.Build.0 = Debug|Any CPU
		{008B44CA-AF8C-4C26-A75A-23EAE01267D7}.dev4|Any CPU.ActiveCfg = Debug|Any CPU
		{008B44CA-AF8C-4C26-A75A-23EAE01267D7}.dev4|Any CPU.Build.0 = Debug|Any CPU
		{008B44CA-AF8C-4C26-A75A-23EAE01267D7}.local|Any CPU.ActiveCfg = Test|Any CPU
		{008B44CA-AF8C-4C26-A75A-23EAE01267D7}.local|Any CPU.Build.0 = Test|Any CPU
		{008B44CA-AF8C-4C26-A75A-23EAE01267D7}.prod|Any CPU.ActiveCfg = Test|Any CPU
		{008B44CA-AF8C-4C26-A75A-23EAE01267D7}.prod|Any CPU.Build.0 = Test|Any CPU
		{008B44CA-AF8C-4C26-A75A-23EAE01267D7}.qa1|Any CPU.ActiveCfg = Test|Any CPU
		{008B44CA-AF8C-4C26-A75A-23EAE01267D7}.qa1|Any CPU.Build.0 = Test|Any CPU
		{008B44CA-AF8C-4C26-A75A-23EAE01267D7}.qa10|Any CPU.ActiveCfg = Test|Any CPU
		{008B44CA-AF8C-4C26-A75A-23EAE01267D7}.qa10|Any CPU.Build.0 = Test|Any CPU
		{008B44CA-AF8C-4C26-A75A-23EAE01267D7}.qa11|Any CPU.ActiveCfg = Test|Any CPU
		{008B44CA-AF8C-4C26-A75A-23EAE01267D7}.qa11|Any CPU.Build.0 = Test|Any CPU
		{008B44CA-AF8C-4C26-A75A-23EAE01267D7}.qa12|Any CPU.ActiveCfg = Test|Any CPU
		{008B44CA-AF8C-4C26-A75A-23EAE01267D7}.qa12|Any CPU.Build.0 = Test|Any CPU
		{008B44CA-AF8C-4C26-A75A-23EAE01267D7}.qa13|Any CPU.ActiveCfg = Test|Any CPU
		{008B44CA-AF8C-4C26-A75A-23EAE01267D7}.qa13|Any CPU.Build.0 = Test|Any CPU
		{008B44CA-AF8C-4C26-A75A-23EAE01267D7}.qa15|Any CPU.ActiveCfg = Test|Any CPU
		{008B44CA-AF8C-4C26-A75A-23EAE01267D7}.qa15|Any CPU.Build.0 = Test|Any CPU
		{008B44CA-AF8C-4C26-A75A-23EAE01267D7}.qa2|Any CPU.ActiveCfg = Test|Any CPU
		{008B44CA-AF8C-4C26-A75A-23EAE01267D7}.qa2|Any CPU.Build.0 = Test|Any CPU
		{008B44CA-AF8C-4C26-A75A-23EAE01267D7}.qa3|Any CPU.ActiveCfg = Test|Any CPU
		{008B44CA-AF8C-4C26-A75A-23EAE01267D7}.qa3|Any CPU.Build.0 = Test|Any CPU
		{008B44CA-AF8C-4C26-A75A-23EAE01267D7}.qa4|Any CPU.ActiveCfg = Test|Any CPU
		{008B44CA-AF8C-4C26-A75A-23EAE01267D7}.qa4|Any CPU.Build.0 = Test|Any CPU
		{008B44CA-AF8C-4C26-A75A-23EAE01267D7}.qa5|Any CPU.ActiveCfg = Test|Any CPU
		{008B44CA-AF8C-4C26-A75A-23EAE01267D7}.qa5|Any CPU.Build.0 = Test|Any CPU
		{008B44CA-AF8C-4C26-A75A-23EAE01267D7}.qa6|Any CPU.ActiveCfg = Test|Any CPU
		{008B44CA-AF8C-4C26-A75A-23EAE01267D7}.qa6|Any CPU.Build.0 = Test|Any CPU
		{008B44CA-AF8C-4C26-A75A-23EAE01267D7}.qa7|Any CPU.ActiveCfg = Test|Any CPU
		{008B44CA-AF8C-4C26-A75A-23EAE01267D7}.qa7|Any CPU.Build.0 = Test|Any CPU
		{008B44CA-AF8C-4C26-A75A-23EAE01267D7}.qa8|Any CPU.ActiveCfg = Test|Any CPU
		{008B44CA-AF8C-4C26-A75A-23EAE01267D7}.qa8|Any CPU.Build.0 = Test|Any CPU
		{008B44CA-AF8C-4C26-A75A-23EAE01267D7}.qa9|Any CPU.ActiveCfg = Test|Any CPU
		{008B44CA-AF8C-4C26-A75A-23EAE01267D7}.qa9|Any CPU.Build.0 = Test|Any CPU
		{008B44CA-AF8C-4C26-A75A-23EAE01267D7}.Release|Any CPU.ActiveCfg = Release|Any CPU
		{008B44CA-AF8C-4C26-A75A-23EAE01267D7}.Release|Any CPU.Build.0 = Release|Any CPU
		{008B44CA-AF8C-4C26-A75A-23EAE01267D7}.stage|Any CPU.ActiveCfg = Test|Any CPU
		{008B44CA-AF8C-4C26-A75A-23EAE01267D7}.stage|Any CPU.Build.0 = Test|Any CPU
		{008B44CA-AF8C-4C26-A75A-23EAE01267D7}.test|Any CPU.ActiveCfg = Test|Any CPU
		{008B44CA-AF8C-4C26-A75A-23EAE01267D7}.test|Any CPU.Build.0 = Test|Any CPU
		{A0D0A615-6597-41A2-89C8-66281D474E3D}.Debug|Any CPU.ActiveCfg = Debug|Any CPU
		{A0D0A615-6597-41A2-89C8-66281D474E3D}.Debug|Any CPU.Build.0 = Debug|Any CPU
		{A0D0A615-6597-41A2-89C8-66281D474E3D}.dev1|Any CPU.ActiveCfg = Debug|Any CPU
		{A0D0A615-6597-41A2-89C8-66281D474E3D}.dev1|Any CPU.Build.0 = Debug|Any CPU
		{A0D0A615-6597-41A2-89C8-66281D474E3D}.dev2|Any CPU.ActiveCfg = Debug|Any CPU
		{A0D0A615-6597-41A2-89C8-66281D474E3D}.dev2|Any CPU.Build.0 = Debug|Any CPU
		{A0D0A615-6597-41A2-89C8-66281D474E3D}.dev4|Any CPU.ActiveCfg = Debug|Any CPU
		{A0D0A615-6597-41A2-89C8-66281D474E3D}.dev4|Any CPU.Build.0 = Debug|Any CPU
		{A0D0A615-6597-41A2-89C8-66281D474E3D}.local|Any CPU.ActiveCfg = Release|Any CPU
		{A0D0A615-6597-41A2-89C8-66281D474E3D}.local|Any CPU.Build.0 = Release|Any CPU
		{A0D0A615-6597-41A2-89C8-66281D474E3D}.prod|Any CPU.ActiveCfg = Release|Any CPU
		{A0D0A615-6597-41A2-89C8-66281D474E3D}.prod|Any CPU.Build.0 = Release|Any CPU
		{A0D0A615-6597-41A2-89C8-66281D474E3D}.qa1|Any CPU.ActiveCfg = Release|Any CPU
		{A0D0A615-6597-41A2-89C8-66281D474E3D}.qa1|Any CPU.Build.0 = Release|Any CPU
		{A0D0A615-6597-41A2-89C8-66281D474E3D}.qa10|Any CPU.ActiveCfg = Release|Any CPU
		{A0D0A615-6597-41A2-89C8-66281D474E3D}.qa10|Any CPU.Build.0 = Release|Any CPU
		{A0D0A615-6597-41A2-89C8-66281D474E3D}.qa11|Any CPU.ActiveCfg = Release|Any CPU
		{A0D0A615-6597-41A2-89C8-66281D474E3D}.qa11|Any CPU.Build.0 = Release|Any CPU
		{A0D0A615-6597-41A2-89C8-66281D474E3D}.qa12|Any CPU.ActiveCfg = Release|Any CPU
		{A0D0A615-6597-41A2-89C8-66281D474E3D}.qa12|Any CPU.Build.0 = Release|Any CPU
		{A0D0A615-6597-41A2-89C8-66281D474E3D}.qa13|Any CPU.ActiveCfg = Release|Any CPU
		{A0D0A615-6597-41A2-89C8-66281D474E3D}.qa13|Any CPU.Build.0 = Release|Any CPU
		{A0D0A615-6597-41A2-89C8-66281D474E3D}.qa15|Any CPU.ActiveCfg = Release|Any CPU
		{A0D0A615-6597-41A2-89C8-66281D474E3D}.qa15|Any CPU.Build.0 = Release|Any CPU
		{A0D0A615-6597-41A2-89C8-66281D474E3D}.qa2|Any CPU.ActiveCfg = Release|Any CPU
		{A0D0A615-6597-41A2-89C8-66281D474E3D}.qa2|Any CPU.Build.0 = Release|Any CPU
		{A0D0A615-6597-41A2-89C8-66281D474E3D}.qa3|Any CPU.ActiveCfg = Release|Any CPU
		{A0D0A615-6597-41A2-89C8-66281D474E3D}.qa3|Any CPU.Build.0 = Release|Any CPU
		{A0D0A615-6597-41A2-89C8-66281D474E3D}.qa4|Any CPU.ActiveCfg = Release|Any CPU
		{A0D0A615-6597-41A2-89C8-66281D474E3D}.qa4|Any CPU.Build.0 = Release|Any CPU
		{A0D0A615-6597-41A2-89C8-66281D474E3D}.qa5|Any CPU.ActiveCfg = Release|Any CPU
		{A0D0A615-6597-41A2-89C8-66281D474E3D}.qa5|Any CPU.Build.0 = Release|Any CPU
		{A0D0A615-6597-41A2-89C8-66281D474E3D}.qa6|Any CPU.ActiveCfg = Release|Any CPU
		{A0D0A615-6597-41A2-89C8-66281D474E3D}.qa6|Any CPU.Build.0 = Release|Any CPU
		{A0D0A615-6597-41A2-89C8-66281D474E3D}.qa7|Any CPU.ActiveCfg = Release|Any CPU
		{A0D0A615-6597-41A2-89C8-66281D474E3D}.qa7|Any CPU.Build.0 = Release|Any CPU
		{A0D0A615-6597-41A2-89C8-66281D474E3D}.qa8|Any CPU.ActiveCfg = Release|Any CPU
		{A0D0A615-6597-41A2-89C8-66281D474E3D}.qa8|Any CPU.Build.0 = Release|Any CPU
		{A0D0A615-6597-41A2-89C8-66281D474E3D}.qa9|Any CPU.ActiveCfg = Release|Any CPU
		{A0D0A615-6597-41A2-89C8-66281D474E3D}.qa9|Any CPU.Build.0 = Release|Any CPU
		{A0D0A615-6597-41A2-89C8-66281D474E3D}.Release|Any CPU.ActiveCfg = Release|Any CPU
		{A0D0A615-6597-41A2-89C8-66281D474E3D}.Release|Any CPU.Build.0 = Release|Any CPU
		{A0D0A615-6597-41A2-89C8-66281D474E3D}.stage|Any CPU.ActiveCfg = Release|Any CPU
		{A0D0A615-6597-41A2-89C8-66281D474E3D}.stage|Any CPU.Build.0 = Release|Any CPU
		{A0D0A615-6597-41A2-89C8-66281D474E3D}.test|Any CPU.ActiveCfg = Release|Any CPU
		{A0D0A615-6597-41A2-89C8-66281D474E3D}.test|Any CPU.Build.0 = Release|Any CPU
		{197B9793-4B39-4604-A3E8-966FA3E1E18C}.Debug|Any CPU.ActiveCfg = Debug|Any CPU
		{197B9793-4B39-4604-A3E8-966FA3E1E18C}.Debug|Any CPU.Build.0 = Debug|Any CPU
		{197B9793-4B39-4604-A3E8-966FA3E1E18C}.dev1|Any CPU.ActiveCfg = Debug|Any CPU
		{197B9793-4B39-4604-A3E8-966FA3E1E18C}.dev1|Any CPU.Build.0 = Debug|Any CPU
		{197B9793-4B39-4604-A3E8-966FA3E1E18C}.dev2|Any CPU.ActiveCfg = Debug|Any CPU
		{197B9793-4B39-4604-A3E8-966FA3E1E18C}.dev2|Any CPU.Build.0 = Debug|Any CPU
		{197B9793-4B39-4604-A3E8-966FA3E1E18C}.dev4|Any CPU.ActiveCfg = Debug|Any CPU
		{197B9793-4B39-4604-A3E8-966FA3E1E18C}.dev4|Any CPU.Build.0 = Debug|Any CPU
		{197B9793-4B39-4604-A3E8-966FA3E1E18C}.local|Any CPU.ActiveCfg = Test|Any CPU
		{197B9793-4B39-4604-A3E8-966FA3E1E18C}.local|Any CPU.Build.0 = Test|Any CPU
		{197B9793-4B39-4604-A3E8-966FA3E1E18C}.prod|Any CPU.ActiveCfg = Test|Any CPU
		{197B9793-4B39-4604-A3E8-966FA3E1E18C}.prod|Any CPU.Build.0 = Test|Any CPU
		{197B9793-4B39-4604-A3E8-966FA3E1E18C}.qa1|Any CPU.ActiveCfg = Test|Any CPU
		{197B9793-4B39-4604-A3E8-966FA3E1E18C}.qa1|Any CPU.Build.0 = Test|Any CPU
		{197B9793-4B39-4604-A3E8-966FA3E1E18C}.qa10|Any CPU.ActiveCfg = Test|Any CPU
		{197B9793-4B39-4604-A3E8-966FA3E1E18C}.qa10|Any CPU.Build.0 = Test|Any CPU
		{197B9793-4B39-4604-A3E8-966FA3E1E18C}.qa11|Any CPU.ActiveCfg = Test|Any CPU
		{197B9793-4B39-4604-A3E8-966FA3E1E18C}.qa11|Any CPU.Build.0 = Test|Any CPU
		{197B9793-4B39-4604-A3E8-966FA3E1E18C}.qa12|Any CPU.ActiveCfg = Test|Any CPU
		{197B9793-4B39-4604-A3E8-966FA3E1E18C}.qa12|Any CPU.Build.0 = Test|Any CPU
		{197B9793-4B39-4604-A3E8-966FA3E1E18C}.qa13|Any CPU.ActiveCfg = Test|Any CPU
		{197B9793-4B39-4604-A3E8-966FA3E1E18C}.qa13|Any CPU.Build.0 = Test|Any CPU
		{197B9793-4B39-4604-A3E8-966FA3E1E18C}.qa15|Any CPU.ActiveCfg = Test|Any CPU
		{197B9793-4B39-4604-A3E8-966FA3E1E18C}.qa15|Any CPU.Build.0 = Test|Any CPU
		{197B9793-4B39-4604-A3E8-966FA3E1E18C}.qa2|Any CPU.ActiveCfg = Test|Any CPU
		{197B9793-4B39-4604-A3E8-966FA3E1E18C}.qa2|Any CPU.Build.0 = Test|Any CPU
		{197B9793-4B39-4604-A3E8-966FA3E1E18C}.qa3|Any CPU.ActiveCfg = Test|Any CPU
		{197B9793-4B39-4604-A3E8-966FA3E1E18C}.qa3|Any CPU.Build.0 = Test|Any CPU
		{197B9793-4B39-4604-A3E8-966FA3E1E18C}.qa4|Any CPU.ActiveCfg = Test|Any CPU
		{197B9793-4B39-4604-A3E8-966FA3E1E18C}.qa4|Any CPU.Build.0 = Test|Any CPU
		{197B9793-4B39-4604-A3E8-966FA3E1E18C}.qa5|Any CPU.ActiveCfg = Test|Any CPU
		{197B9793-4B39-4604-A3E8-966FA3E1E18C}.qa5|Any CPU.Build.0 = Test|Any CPU
		{197B9793-4B39-4604-A3E8-966FA3E1E18C}.qa6|Any CPU.ActiveCfg = Test|Any CPU
		{197B9793-4B39-4604-A3E8-966FA3E1E18C}.qa6|Any CPU.Build.0 = Test|Any CPU
		{197B9793-4B39-4604-A3E8-966FA3E1E18C}.qa7|Any CPU.ActiveCfg = Test|Any CPU
		{197B9793-4B39-4604-A3E8-966FA3E1E18C}.qa7|Any CPU.Build.0 = Test|Any CPU
		{197B9793-4B39-4604-A3E8-966FA3E1E18C}.qa8|Any CPU.ActiveCfg = Test|Any CPU
		{197B9793-4B39-4604-A3E8-966FA3E1E18C}.qa8|Any CPU.Build.0 = Test|Any CPU
		{197B9793-4B39-4604-A3E8-966FA3E1E18C}.qa9|Any CPU.ActiveCfg = Test|Any CPU
		{197B9793-4B39-4604-A3E8-966FA3E1E18C}.qa9|Any CPU.Build.0 = Test|Any CPU
		{197B9793-4B39-4604-A3E8-966FA3E1E18C}.Release|Any CPU.ActiveCfg = Release|Any CPU
		{197B9793-4B39-4604-A3E8-966FA3E1E18C}.Release|Any CPU.Build.0 = Release|Any CPU
		{197B9793-4B39-4604-A3E8-966FA3E1E18C}.stage|Any CPU.ActiveCfg = Test|Any CPU
		{197B9793-4B39-4604-A3E8-966FA3E1E18C}.stage|Any CPU.Build.0 = Test|Any CPU
		{197B9793-4B39-4604-A3E8-966FA3E1E18C}.test|Any CPU.ActiveCfg = Test|Any CPU
		{197B9793-4B39-4604-A3E8-966FA3E1E18C}.test|Any CPU.Build.0 = Test|Any CPU
		{759824BA-AC2B-44BB-85EB-882FDF72B993}.Debug|Any CPU.ActiveCfg = Debug|Any CPU
		{759824BA-AC2B-44BB-85EB-882FDF72B993}.Debug|Any CPU.Build.0 = Debug|Any CPU
		{759824BA-AC2B-44BB-85EB-882FDF72B993}.dev1|Any CPU.ActiveCfg = Debug|Any CPU
		{759824BA-AC2B-44BB-85EB-882FDF72B993}.dev1|Any CPU.Build.0 = Debug|Any CPU
		{759824BA-AC2B-44BB-85EB-882FDF72B993}.dev2|Any CPU.ActiveCfg = Debug|Any CPU
		{759824BA-AC2B-44BB-85EB-882FDF72B993}.dev2|Any CPU.Build.0 = Debug|Any CPU
		{759824BA-AC2B-44BB-85EB-882FDF72B993}.dev4|Any CPU.ActiveCfg = Debug|Any CPU
		{759824BA-AC2B-44BB-85EB-882FDF72B993}.dev4|Any CPU.Build.0 = Debug|Any CPU
		{759824BA-AC2B-44BB-85EB-882FDF72B993}.local|Any CPU.ActiveCfg = Release|Any CPU
		{759824BA-AC2B-44BB-85EB-882FDF72B993}.local|Any CPU.Build.0 = Release|Any CPU
		{759824BA-AC2B-44BB-85EB-882FDF72B993}.prod|Any CPU.ActiveCfg = Release|Any CPU
		{759824BA-AC2B-44BB-85EB-882FDF72B993}.prod|Any CPU.Build.0 = Release|Any CPU
		{759824BA-AC2B-44BB-85EB-882FDF72B993}.qa1|Any CPU.ActiveCfg = Release|Any CPU
		{759824BA-AC2B-44BB-85EB-882FDF72B993}.qa1|Any CPU.Build.0 = Release|Any CPU
		{759824BA-AC2B-44BB-85EB-882FDF72B993}.qa10|Any CPU.ActiveCfg = Release|Any CPU
		{759824BA-AC2B-44BB-85EB-882FDF72B993}.qa10|Any CPU.Build.0 = Release|Any CPU
		{759824BA-AC2B-44BB-85EB-882FDF72B993}.qa11|Any CPU.ActiveCfg = Release|Any CPU
		{759824BA-AC2B-44BB-85EB-882FDF72B993}.qa11|Any CPU.Build.0 = Release|Any CPU
		{759824BA-AC2B-44BB-85EB-882FDF72B993}.qa12|Any CPU.ActiveCfg = Release|Any CPU
		{759824BA-AC2B-44BB-85EB-882FDF72B993}.qa12|Any CPU.Build.0 = Release|Any CPU
		{759824BA-AC2B-44BB-85EB-882FDF72B993}.qa13|Any CPU.ActiveCfg = Release|Any CPU
		{759824BA-AC2B-44BB-85EB-882FDF72B993}.qa13|Any CPU.Build.0 = Release|Any CPU
		{759824BA-AC2B-44BB-85EB-882FDF72B993}.qa15|Any CPU.ActiveCfg = Release|Any CPU
		{759824BA-AC2B-44BB-85EB-882FDF72B993}.qa15|Any CPU.Build.0 = Release|Any CPU
		{759824BA-AC2B-44BB-85EB-882FDF72B993}.qa2|Any CPU.ActiveCfg = Release|Any CPU
		{759824BA-AC2B-44BB-85EB-882FDF72B993}.qa2|Any CPU.Build.0 = Release|Any CPU
		{759824BA-AC2B-44BB-85EB-882FDF72B993}.qa3|Any CPU.ActiveCfg = Release|Any CPU
		{759824BA-AC2B-44BB-85EB-882FDF72B993}.qa3|Any CPU.Build.0 = Release|Any CPU
		{759824BA-AC2B-44BB-85EB-882FDF72B993}.qa4|Any CPU.ActiveCfg = Release|Any CPU
		{759824BA-AC2B-44BB-85EB-882FDF72B993}.qa4|Any CPU.Build.0 = Release|Any CPU
		{759824BA-AC2B-44BB-85EB-882FDF72B993}.qa5|Any CPU.ActiveCfg = Release|Any CPU
		{759824BA-AC2B-44BB-85EB-882FDF72B993}.qa5|Any CPU.Build.0 = Release|Any CPU
		{759824BA-AC2B-44BB-85EB-882FDF72B993}.qa6|Any CPU.ActiveCfg = Release|Any CPU
		{759824BA-AC2B-44BB-85EB-882FDF72B993}.qa6|Any CPU.Build.0 = Release|Any CPU
		{759824BA-AC2B-44BB-85EB-882FDF72B993}.qa7|Any CPU.ActiveCfg = Release|Any CPU
		{759824BA-AC2B-44BB-85EB-882FDF72B993}.qa7|Any CPU.Build.0 = Release|Any CPU
		{759824BA-AC2B-44BB-85EB-882FDF72B993}.qa8|Any CPU.ActiveCfg = Release|Any CPU
		{759824BA-AC2B-44BB-85EB-882FDF72B993}.qa8|Any CPU.Build.0 = Release|Any CPU
		{759824BA-AC2B-44BB-85EB-882FDF72B993}.qa9|Any CPU.ActiveCfg = Release|Any CPU
		{759824BA-AC2B-44BB-85EB-882FDF72B993}.qa9|Any CPU.Build.0 = Release|Any CPU
		{759824BA-AC2B-44BB-85EB-882FDF72B993}.Release|Any CPU.ActiveCfg = Release|Any CPU
		{759824BA-AC2B-44BB-85EB-882FDF72B993}.Release|Any CPU.Build.0 = Release|Any CPU
		{759824BA-AC2B-44BB-85EB-882FDF72B993}.stage|Any CPU.ActiveCfg = Release|Any CPU
		{759824BA-AC2B-44BB-85EB-882FDF72B993}.stage|Any CPU.Build.0 = Release|Any CPU
		{759824BA-AC2B-44BB-85EB-882FDF72B993}.test|Any CPU.ActiveCfg = Release|Any CPU
		{759824BA-AC2B-44BB-85EB-882FDF72B993}.test|Any CPU.Build.0 = Release|Any CPU
		{4042BEFC-9424-409C-92D2-D2E9E7264684}.Debug|Any CPU.ActiveCfg = Debug|Any CPU
		{4042BEFC-9424-409C-92D2-D2E9E7264684}.Debug|Any CPU.Build.0 = Debug|Any CPU
		{4042BEFC-9424-409C-92D2-D2E9E7264684}.dev1|Any CPU.ActiveCfg = Debug|Any CPU
		{4042BEFC-9424-409C-92D2-D2E9E7264684}.dev1|Any CPU.Build.0 = Debug|Any CPU
		{4042BEFC-9424-409C-92D2-D2E9E7264684}.dev2|Any CPU.ActiveCfg = Debug|Any CPU
		{4042BEFC-9424-409C-92D2-D2E9E7264684}.dev2|Any CPU.Build.0 = Debug|Any CPU
		{4042BEFC-9424-409C-92D2-D2E9E7264684}.dev4|Any CPU.ActiveCfg = Debug|Any CPU
		{4042BEFC-9424-409C-92D2-D2E9E7264684}.dev4|Any CPU.Build.0 = Debug|Any CPU
		{4042BEFC-9424-409C-92D2-D2E9E7264684}.local|Any CPU.ActiveCfg = Release|Any CPU
		{4042BEFC-9424-409C-92D2-D2E9E7264684}.local|Any CPU.Build.0 = Release|Any CPU
		{4042BEFC-9424-409C-92D2-D2E9E7264684}.prod|Any CPU.ActiveCfg = Release|Any CPU
		{4042BEFC-9424-409C-92D2-D2E9E7264684}.prod|Any CPU.Build.0 = Release|Any CPU
		{4042BEFC-9424-409C-92D2-D2E9E7264684}.qa1|Any CPU.ActiveCfg = Release|Any CPU
		{4042BEFC-9424-409C-92D2-D2E9E7264684}.qa1|Any CPU.Build.0 = Release|Any CPU
		{4042BEFC-9424-409C-92D2-D2E9E7264684}.qa10|Any CPU.ActiveCfg = Release|Any CPU
		{4042BEFC-9424-409C-92D2-D2E9E7264684}.qa10|Any CPU.Build.0 = Release|Any CPU
		{4042BEFC-9424-409C-92D2-D2E9E7264684}.qa11|Any CPU.ActiveCfg = Release|Any CPU
		{4042BEFC-9424-409C-92D2-D2E9E7264684}.qa11|Any CPU.Build.0 = Release|Any CPU
		{4042BEFC-9424-409C-92D2-D2E9E7264684}.qa12|Any CPU.ActiveCfg = Release|Any CPU
		{4042BEFC-9424-409C-92D2-D2E9E7264684}.qa12|Any CPU.Build.0 = Release|Any CPU
		{4042BEFC-9424-409C-92D2-D2E9E7264684}.qa13|Any CPU.ActiveCfg = Release|Any CPU
		{4042BEFC-9424-409C-92D2-D2E9E7264684}.qa13|Any CPU.Build.0 = Release|Any CPU
		{4042BEFC-9424-409C-92D2-D2E9E7264684}.qa15|Any CPU.ActiveCfg = Release|Any CPU
		{4042BEFC-9424-409C-92D2-D2E9E7264684}.qa15|Any CPU.Build.0 = Release|Any CPU
		{4042BEFC-9424-409C-92D2-D2E9E7264684}.qa2|Any CPU.ActiveCfg = Release|Any CPU
		{4042BEFC-9424-409C-92D2-D2E9E7264684}.qa2|Any CPU.Build.0 = Release|Any CPU
		{4042BEFC-9424-409C-92D2-D2E9E7264684}.qa3|Any CPU.ActiveCfg = Release|Any CPU
		{4042BEFC-9424-409C-92D2-D2E9E7264684}.qa3|Any CPU.Build.0 = Release|Any CPU
		{4042BEFC-9424-409C-92D2-D2E9E7264684}.qa4|Any CPU.ActiveCfg = Release|Any CPU
		{4042BEFC-9424-409C-92D2-D2E9E7264684}.qa4|Any CPU.Build.0 = Release|Any CPU
		{4042BEFC-9424-409C-92D2-D2E9E7264684}.qa5|Any CPU.ActiveCfg = Release|Any CPU
		{4042BEFC-9424-409C-92D2-D2E9E7264684}.qa5|Any CPU.Build.0 = Release|Any CPU
		{4042BEFC-9424-409C-92D2-D2E9E7264684}.qa6|Any CPU.ActiveCfg = Release|Any CPU
		{4042BEFC-9424-409C-92D2-D2E9E7264684}.qa6|Any CPU.Build.0 = Release|Any CPU
		{4042BEFC-9424-409C-92D2-D2E9E7264684}.qa7|Any CPU.ActiveCfg = Release|Any CPU
		{4042BEFC-9424-409C-92D2-D2E9E7264684}.qa7|Any CPU.Build.0 = Release|Any CPU
		{4042BEFC-9424-409C-92D2-D2E9E7264684}.qa8|Any CPU.ActiveCfg = Release|Any CPU
		{4042BEFC-9424-409C-92D2-D2E9E7264684}.qa8|Any CPU.Build.0 = Release|Any CPU
		{4042BEFC-9424-409C-92D2-D2E9E7264684}.qa9|Any CPU.ActiveCfg = Release|Any CPU
		{4042BEFC-9424-409C-92D2-D2E9E7264684}.qa9|Any CPU.Build.0 = Release|Any CPU
		{4042BEFC-9424-409C-92D2-D2E9E7264684}.Release|Any CPU.ActiveCfg = Release|Any CPU
		{4042BEFC-9424-409C-92D2-D2E9E7264684}.Release|Any CPU.Build.0 = Release|Any CPU
		{4042BEFC-9424-409C-92D2-D2E9E7264684}.stage|Any CPU.ActiveCfg = Release|Any CPU
		{4042BEFC-9424-409C-92D2-D2E9E7264684}.stage|Any CPU.Build.0 = Release|Any CPU
		{4042BEFC-9424-409C-92D2-D2E9E7264684}.test|Any CPU.ActiveCfg = Release|Any CPU
		{4042BEFC-9424-409C-92D2-D2E9E7264684}.test|Any CPU.Build.0 = Release|Any CPU
		{5536BE1D-B807-4F6C-AB56-DA6D6E663B92}.Debug|Any CPU.ActiveCfg = Debug|Any CPU
		{5536BE1D-B807-4F6C-AB56-DA6D6E663B92}.Debug|Any CPU.Build.0 = Debug|Any CPU
		{5536BE1D-B807-4F6C-AB56-DA6D6E663B92}.dev1|Any CPU.ActiveCfg = Debug|Any CPU
		{5536BE1D-B807-4F6C-AB56-DA6D6E663B92}.dev1|Any CPU.Build.0 = Debug|Any CPU
		{5536BE1D-B807-4F6C-AB56-DA6D6E663B92}.dev2|Any CPU.ActiveCfg = Debug|Any CPU
		{5536BE1D-B807-4F6C-AB56-DA6D6E663B92}.dev2|Any CPU.Build.0 = Debug|Any CPU
		{5536BE1D-B807-4F6C-AB56-DA6D6E663B92}.dev4|Any CPU.ActiveCfg = Debug|Any CPU
		{5536BE1D-B807-4F6C-AB56-DA6D6E663B92}.dev4|Any CPU.Build.0 = Debug|Any CPU
		{5536BE1D-B807-4F6C-AB56-DA6D6E663B92}.local|Any CPU.ActiveCfg = Release|Any CPU
		{5536BE1D-B807-4F6C-AB56-DA6D6E663B92}.local|Any CPU.Build.0 = Release|Any CPU
		{5536BE1D-B807-4F6C-AB56-DA6D6E663B92}.prod|Any CPU.ActiveCfg = Release|Any CPU
		{5536BE1D-B807-4F6C-AB56-DA6D6E663B92}.prod|Any CPU.Build.0 = Release|Any CPU
		{5536BE1D-B807-4F6C-AB56-DA6D6E663B92}.qa1|Any CPU.ActiveCfg = Release|Any CPU
		{5536BE1D-B807-4F6C-AB56-DA6D6E663B92}.qa1|Any CPU.Build.0 = Release|Any CPU
		{5536BE1D-B807-4F6C-AB56-DA6D6E663B92}.qa10|Any CPU.ActiveCfg = Release|Any CPU
		{5536BE1D-B807-4F6C-AB56-DA6D6E663B92}.qa10|Any CPU.Build.0 = Release|Any CPU
		{5536BE1D-B807-4F6C-AB56-DA6D6E663B92}.qa11|Any CPU.ActiveCfg = Release|Any CPU
		{5536BE1D-B807-4F6C-AB56-DA6D6E663B92}.qa11|Any CPU.Build.0 = Release|Any CPU
		{5536BE1D-B807-4F6C-AB56-DA6D6E663B92}.qa12|Any CPU.ActiveCfg = Release|Any CPU
		{5536BE1D-B807-4F6C-AB56-DA6D6E663B92}.qa12|Any CPU.Build.0 = Release|Any CPU
		{5536BE1D-B807-4F6C-AB56-DA6D6E663B92}.qa13|Any CPU.ActiveCfg = Release|Any CPU
		{5536BE1D-B807-4F6C-AB56-DA6D6E663B92}.qa13|Any CPU.Build.0 = Release|Any CPU
		{5536BE1D-B807-4F6C-AB56-DA6D6E663B92}.qa15|Any CPU.ActiveCfg = Release|Any CPU
		{5536BE1D-B807-4F6C-AB56-DA6D6E663B92}.qa15|Any CPU.Build.0 = Release|Any CPU
		{5536BE1D-B807-4F6C-AB56-DA6D6E663B92}.qa2|Any CPU.ActiveCfg = Release|Any CPU
		{5536BE1D-B807-4F6C-AB56-DA6D6E663B92}.qa2|Any CPU.Build.0 = Release|Any CPU
		{5536BE1D-B807-4F6C-AB56-DA6D6E663B92}.qa3|Any CPU.ActiveCfg = Release|Any CPU
		{5536BE1D-B807-4F6C-AB56-DA6D6E663B92}.qa3|Any CPU.Build.0 = Release|Any CPU
		{5536BE1D-B807-4F6C-AB56-DA6D6E663B92}.qa4|Any CPU.ActiveCfg = Release|Any CPU
		{5536BE1D-B807-4F6C-AB56-DA6D6E663B92}.qa4|Any CPU.Build.0 = Release|Any CPU
		{5536BE1D-B807-4F6C-AB56-DA6D6E663B92}.qa5|Any CPU.ActiveCfg = Release|Any CPU
		{5536BE1D-B807-4F6C-AB56-DA6D6E663B92}.qa5|Any CPU.Build.0 = Release|Any CPU
		{5536BE1D-B807-4F6C-AB56-DA6D6E663B92}.qa6|Any CPU.ActiveCfg = Release|Any CPU
		{5536BE1D-B807-4F6C-AB56-DA6D6E663B92}.qa6|Any CPU.Build.0 = Release|Any CPU
		{5536BE1D-B807-4F6C-AB56-DA6D6E663B92}.qa7|Any CPU.ActiveCfg = Release|Any CPU
		{5536BE1D-B807-4F6C-AB56-DA6D6E663B92}.qa7|Any CPU.Build.0 = Release|Any CPU
		{5536BE1D-B807-4F6C-AB56-DA6D6E663B92}.qa8|Any CPU.ActiveCfg = Release|Any CPU
		{5536BE1D-B807-4F6C-AB56-DA6D6E663B92}.qa8|Any CPU.Build.0 = Release|Any CPU
		{5536BE1D-B807-4F6C-AB56-DA6D6E663B92}.qa9|Any CPU.ActiveCfg = Release|Any CPU
		{5536BE1D-B807-4F6C-AB56-DA6D6E663B92}.qa9|Any CPU.Build.0 = Release|Any CPU
		{5536BE1D-B807-4F6C-AB56-DA6D6E663B92}.Release|Any CPU.ActiveCfg = Release|Any CPU
		{5536BE1D-B807-4F6C-AB56-DA6D6E663B92}.Release|Any CPU.Build.0 = Release|Any CPU
		{5536BE1D-B807-4F6C-AB56-DA6D6E663B92}.stage|Any CPU.ActiveCfg = Release|Any CPU
		{5536BE1D-B807-4F6C-AB56-DA6D6E663B92}.stage|Any CPU.Build.0 = Release|Any CPU
		{5536BE1D-B807-4F6C-AB56-DA6D6E663B92}.test|Any CPU.ActiveCfg = Release|Any CPU
		{5536BE1D-B807-4F6C-AB56-DA6D6E663B92}.test|Any CPU.Build.0 = Release|Any CPU
		{C663AA76-F6AE-4DBF-BC15-FA43C104C838}.Debug|Any CPU.ActiveCfg = Debug|Any CPU
		{C663AA76-F6AE-4DBF-BC15-FA43C104C838}.Debug|Any CPU.Build.0 = Debug|Any CPU
		{C663AA76-F6AE-4DBF-BC15-FA43C104C838}.dev1|Any CPU.ActiveCfg = Debug|Any CPU
		{C663AA76-F6AE-4DBF-BC15-FA43C104C838}.dev1|Any CPU.Build.0 = Debug|Any CPU
		{C663AA76-F6AE-4DBF-BC15-FA43C104C838}.dev2|Any CPU.ActiveCfg = Debug|Any CPU
		{C663AA76-F6AE-4DBF-BC15-FA43C104C838}.dev2|Any CPU.Build.0 = Debug|Any CPU
		{C663AA76-F6AE-4DBF-BC15-FA43C104C838}.dev4|Any CPU.ActiveCfg = Debug|Any CPU
		{C663AA76-F6AE-4DBF-BC15-FA43C104C838}.dev4|Any CPU.Build.0 = Debug|Any CPU
		{C663AA76-F6AE-4DBF-BC15-FA43C104C838}.local|Any CPU.ActiveCfg = Test|Any CPU
		{C663AA76-F6AE-4DBF-BC15-FA43C104C838}.local|Any CPU.Build.0 = Test|Any CPU
		{C663AA76-F6AE-4DBF-BC15-FA43C104C838}.prod|Any CPU.ActiveCfg = Test|Any CPU
		{C663AA76-F6AE-4DBF-BC15-FA43C104C838}.prod|Any CPU.Build.0 = Test|Any CPU
		{C663AA76-F6AE-4DBF-BC15-FA43C104C838}.qa1|Any CPU.ActiveCfg = Test|Any CPU
		{C663AA76-F6AE-4DBF-BC15-FA43C104C838}.qa1|Any CPU.Build.0 = Test|Any CPU
		{C663AA76-F6AE-4DBF-BC15-FA43C104C838}.qa10|Any CPU.ActiveCfg = Test|Any CPU
		{C663AA76-F6AE-4DBF-BC15-FA43C104C838}.qa10|Any CPU.Build.0 = Test|Any CPU
		{C663AA76-F6AE-4DBF-BC15-FA43C104C838}.qa11|Any CPU.ActiveCfg = Test|Any CPU
		{C663AA76-F6AE-4DBF-BC15-FA43C104C838}.qa11|Any CPU.Build.0 = Test|Any CPU
		{C663AA76-F6AE-4DBF-BC15-FA43C104C838}.qa12|Any CPU.ActiveCfg = Test|Any CPU
		{C663AA76-F6AE-4DBF-BC15-FA43C104C838}.qa12|Any CPU.Build.0 = Test|Any CPU
		{C663AA76-F6AE-4DBF-BC15-FA43C104C838}.qa13|Any CPU.ActiveCfg = Test|Any CPU
		{C663AA76-F6AE-4DBF-BC15-FA43C104C838}.qa13|Any CPU.Build.0 = Test|Any CPU
		{C663AA76-F6AE-4DBF-BC15-FA43C104C838}.qa15|Any CPU.ActiveCfg = Test|Any CPU
		{C663AA76-F6AE-4DBF-BC15-FA43C104C838}.qa15|Any CPU.Build.0 = Test|Any CPU
		{C663AA76-F6AE-4DBF-BC15-FA43C104C838}.qa2|Any CPU.ActiveCfg = Test|Any CPU
		{C663AA76-F6AE-4DBF-BC15-FA43C104C838}.qa2|Any CPU.Build.0 = Test|Any CPU
		{C663AA76-F6AE-4DBF-BC15-FA43C104C838}.qa3|Any CPU.ActiveCfg = Test|Any CPU
		{C663AA76-F6AE-4DBF-BC15-FA43C104C838}.qa3|Any CPU.Build.0 = Test|Any CPU
		{C663AA76-F6AE-4DBF-BC15-FA43C104C838}.qa4|Any CPU.ActiveCfg = Test|Any CPU
		{C663AA76-F6AE-4DBF-BC15-FA43C104C838}.qa4|Any CPU.Build.0 = Test|Any CPU
		{C663AA76-F6AE-4DBF-BC15-FA43C104C838}.qa5|Any CPU.ActiveCfg = Test|Any CPU
		{C663AA76-F6AE-4DBF-BC15-FA43C104C838}.qa5|Any CPU.Build.0 = Test|Any CPU
		{C663AA76-F6AE-4DBF-BC15-FA43C104C838}.qa6|Any CPU.ActiveCfg = Test|Any CPU
		{C663AA76-F6AE-4DBF-BC15-FA43C104C838}.qa6|Any CPU.Build.0 = Test|Any CPU
		{C663AA76-F6AE-4DBF-BC15-FA43C104C838}.qa7|Any CPU.ActiveCfg = Test|Any CPU
		{C663AA76-F6AE-4DBF-BC15-FA43C104C838}.qa7|Any CPU.Build.0 = Test|Any CPU
		{C663AA76-F6AE-4DBF-BC15-FA43C104C838}.qa8|Any CPU.ActiveCfg = Test|Any CPU
		{C663AA76-F6AE-4DBF-BC15-FA43C104C838}.qa8|Any CPU.Build.0 = Test|Any CPU
		{C663AA76-F6AE-4DBF-BC15-FA43C104C838}.qa9|Any CPU.ActiveCfg = Test|Any CPU
		{C663AA76-F6AE-4DBF-BC15-FA43C104C838}.qa9|Any CPU.Build.0 = Test|Any CPU
		{C663AA76-F6AE-4DBF-BC15-FA43C104C838}.Release|Any CPU.ActiveCfg = Release|Any CPU
		{C663AA76-F6AE-4DBF-BC15-FA43C104C838}.Release|Any CPU.Build.0 = Release|Any CPU
		{C663AA76-F6AE-4DBF-BC15-FA43C104C838}.stage|Any CPU.ActiveCfg = Test|Any CPU
		{C663AA76-F6AE-4DBF-BC15-FA43C104C838}.stage|Any CPU.Build.0 = Test|Any CPU
		{C663AA76-F6AE-4DBF-BC15-FA43C104C838}.test|Any CPU.ActiveCfg = Test|Any CPU
		{C663AA76-F6AE-4DBF-BC15-FA43C104C838}.test|Any CPU.Build.0 = Test|Any CPU
		{CDCD595F-81B6-46F2-A5D6-3925A4CC6480}.Debug|Any CPU.ActiveCfg = Debug|Any CPU
		{CDCD595F-81B6-46F2-A5D6-3925A4CC6480}.Debug|Any CPU.Build.0 = Debug|Any CPU
		{CDCD595F-81B6-46F2-A5D6-3925A4CC6480}.dev1|Any CPU.ActiveCfg = Debug|Any CPU
		{CDCD595F-81B6-46F2-A5D6-3925A4CC6480}.dev1|Any CPU.Build.0 = Debug|Any CPU
		{CDCD595F-81B6-46F2-A5D6-3925A4CC6480}.dev2|Any CPU.ActiveCfg = Debug|Any CPU
		{CDCD595F-81B6-46F2-A5D6-3925A4CC6480}.dev2|Any CPU.Build.0 = Debug|Any CPU
		{CDCD595F-81B6-46F2-A5D6-3925A4CC6480}.dev4|Any CPU.ActiveCfg = Debug|Any CPU
		{CDCD595F-81B6-46F2-A5D6-3925A4CC6480}.dev4|Any CPU.Build.0 = Debug|Any CPU
		{CDCD595F-81B6-46F2-A5D6-3925A4CC6480}.local|Any CPU.ActiveCfg = qa15|Any CPU
		{CDCD595F-81B6-46F2-A5D6-3925A4CC6480}.local|Any CPU.Build.0 = qa15|Any CPU
		{CDCD595F-81B6-46F2-A5D6-3925A4CC6480}.prod|Any CPU.ActiveCfg = qa15|Any CPU
		{CDCD595F-81B6-46F2-A5D6-3925A4CC6480}.prod|Any CPU.Build.0 = qa15|Any CPU
		{CDCD595F-81B6-46F2-A5D6-3925A4CC6480}.qa1|Any CPU.ActiveCfg = qa15|Any CPU
		{CDCD595F-81B6-46F2-A5D6-3925A4CC6480}.qa1|Any CPU.Build.0 = qa15|Any CPU
		{CDCD595F-81B6-46F2-A5D6-3925A4CC6480}.qa10|Any CPU.ActiveCfg = qa15|Any CPU
		{CDCD595F-81B6-46F2-A5D6-3925A4CC6480}.qa10|Any CPU.Build.0 = qa15|Any CPU
		{CDCD595F-81B6-46F2-A5D6-3925A4CC6480}.qa11|Any CPU.ActiveCfg = qa15|Any CPU
		{CDCD595F-81B6-46F2-A5D6-3925A4CC6480}.qa11|Any CPU.Build.0 = qa15|Any CPU
		{CDCD595F-81B6-46F2-A5D6-3925A4CC6480}.qa12|Any CPU.ActiveCfg = qa15|Any CPU
		{CDCD595F-81B6-46F2-A5D6-3925A4CC6480}.qa12|Any CPU.Build.0 = qa15|Any CPU
		{CDCD595F-81B6-46F2-A5D6-3925A4CC6480}.qa13|Any CPU.ActiveCfg = qa15|Any CPU
		{CDCD595F-81B6-46F2-A5D6-3925A4CC6480}.qa13|Any CPU.Build.0 = qa15|Any CPU
		{CDCD595F-81B6-46F2-A5D6-3925A4CC6480}.qa15|Any CPU.ActiveCfg = qa15|Any CPU
		{CDCD595F-81B6-46F2-A5D6-3925A4CC6480}.qa15|Any CPU.Build.0 = qa15|Any CPU
		{CDCD595F-81B6-46F2-A5D6-3925A4CC6480}.qa2|Any CPU.ActiveCfg = qa15|Any CPU
		{CDCD595F-81B6-46F2-A5D6-3925A4CC6480}.qa2|Any CPU.Build.0 = qa15|Any CPU
		{CDCD595F-81B6-46F2-A5D6-3925A4CC6480}.qa3|Any CPU.ActiveCfg = qa15|Any CPU
		{CDCD595F-81B6-46F2-A5D6-3925A4CC6480}.qa3|Any CPU.Build.0 = qa15|Any CPU
		{CDCD595F-81B6-46F2-A5D6-3925A4CC6480}.qa4|Any CPU.ActiveCfg = qa15|Any CPU
		{CDCD595F-81B6-46F2-A5D6-3925A4CC6480}.qa4|Any CPU.Build.0 = qa15|Any CPU
		{CDCD595F-81B6-46F2-A5D6-3925A4CC6480}.qa5|Any CPU.ActiveCfg = qa15|Any CPU
		{CDCD595F-81B6-46F2-A5D6-3925A4CC6480}.qa5|Any CPU.Build.0 = qa15|Any CPU
		{CDCD595F-81B6-46F2-A5D6-3925A4CC6480}.qa6|Any CPU.ActiveCfg = qa15|Any CPU
		{CDCD595F-81B6-46F2-A5D6-3925A4CC6480}.qa6|Any CPU.Build.0 = qa15|Any CPU
		{CDCD595F-81B6-46F2-A5D6-3925A4CC6480}.qa7|Any CPU.ActiveCfg = qa15|Any CPU
		{CDCD595F-81B6-46F2-A5D6-3925A4CC6480}.qa7|Any CPU.Build.0 = qa15|Any CPU
		{CDCD595F-81B6-46F2-A5D6-3925A4CC6480}.qa8|Any CPU.ActiveCfg = qa15|Any CPU
		{CDCD595F-81B6-46F2-A5D6-3925A4CC6480}.qa8|Any CPU.Build.0 = qa15|Any CPU
		{CDCD595F-81B6-46F2-A5D6-3925A4CC6480}.qa9|Any CPU.ActiveCfg = qa15|Any CPU
		{CDCD595F-81B6-46F2-A5D6-3925A4CC6480}.qa9|Any CPU.Build.0 = qa15|Any CPU
		{CDCD595F-81B6-46F2-A5D6-3925A4CC6480}.Release|Any CPU.ActiveCfg = Release|Any CPU
		{CDCD595F-81B6-46F2-A5D6-3925A4CC6480}.Release|Any CPU.Build.0 = Release|Any CPU
		{CDCD595F-81B6-46F2-A5D6-3925A4CC6480}.stage|Any CPU.ActiveCfg = qa15|Any CPU
		{CDCD595F-81B6-46F2-A5D6-3925A4CC6480}.stage|Any CPU.Build.0 = qa15|Any CPU
		{CDCD595F-81B6-46F2-A5D6-3925A4CC6480}.test|Any CPU.ActiveCfg = qa15|Any CPU
		{CDCD595F-81B6-46F2-A5D6-3925A4CC6480}.test|Any CPU.Build.0 = qa15|Any CPU
		{2F527872-0E8B-4B06-BBAA-9B8E008D5DE3}.Debug|Any CPU.ActiveCfg = Debug|Any CPU
		{2F527872-0E8B-4B06-BBAA-9B8E008D5DE3}.Debug|Any CPU.Build.0 = Debug|Any CPU
		{2F527872-0E8B-4B06-BBAA-9B8E008D5DE3}.dev1|Any CPU.ActiveCfg = Debug|Any CPU
		{2F527872-0E8B-4B06-BBAA-9B8E008D5DE3}.dev1|Any CPU.Build.0 = Debug|Any CPU
		{2F527872-0E8B-4B06-BBAA-9B8E008D5DE3}.dev2|Any CPU.ActiveCfg = Debug|Any CPU
		{2F527872-0E8B-4B06-BBAA-9B8E008D5DE3}.dev2|Any CPU.Build.0 = Debug|Any CPU
		{2F527872-0E8B-4B06-BBAA-9B8E008D5DE3}.dev4|Any CPU.ActiveCfg = Debug|Any CPU
		{2F527872-0E8B-4B06-BBAA-9B8E008D5DE3}.dev4|Any CPU.Build.0 = Debug|Any CPU
		{2F527872-0E8B-4B06-BBAA-9B8E008D5DE3}.local|Any CPU.ActiveCfg = qa15|Any CPU
		{2F527872-0E8B-4B06-BBAA-9B8E008D5DE3}.local|Any CPU.Build.0 = qa15|Any CPU
		{2F527872-0E8B-4B06-BBAA-9B8E008D5DE3}.prod|Any CPU.ActiveCfg = qa15|Any CPU
		{2F527872-0E8B-4B06-BBAA-9B8E008D5DE3}.prod|Any CPU.Build.0 = qa15|Any CPU
		{2F527872-0E8B-4B06-BBAA-9B8E008D5DE3}.qa1|Any CPU.ActiveCfg = qa15|Any CPU
		{2F527872-0E8B-4B06-BBAA-9B8E008D5DE3}.qa1|Any CPU.Build.0 = qa15|Any CPU
		{2F527872-0E8B-4B06-BBAA-9B8E008D5DE3}.qa10|Any CPU.ActiveCfg = qa15|Any CPU
		{2F527872-0E8B-4B06-BBAA-9B8E008D5DE3}.qa10|Any CPU.Build.0 = qa15|Any CPU
		{2F527872-0E8B-4B06-BBAA-9B8E008D5DE3}.qa11|Any CPU.ActiveCfg = qa15|Any CPU
		{2F527872-0E8B-4B06-BBAA-9B8E008D5DE3}.qa11|Any CPU.Build.0 = qa15|Any CPU
		{2F527872-0E8B-4B06-BBAA-9B8E008D5DE3}.qa12|Any CPU.ActiveCfg = qa15|Any CPU
		{2F527872-0E8B-4B06-BBAA-9B8E008D5DE3}.qa12|Any CPU.Build.0 = qa15|Any CPU
		{2F527872-0E8B-4B06-BBAA-9B8E008D5DE3}.qa13|Any CPU.ActiveCfg = qa15|Any CPU
		{2F527872-0E8B-4B06-BBAA-9B8E008D5DE3}.qa13|Any CPU.Build.0 = qa15|Any CPU
		{2F527872-0E8B-4B06-BBAA-9B8E008D5DE3}.qa15|Any CPU.ActiveCfg = qa15|Any CPU
		{2F527872-0E8B-4B06-BBAA-9B8E008D5DE3}.qa15|Any CPU.Build.0 = qa15|Any CPU
		{2F527872-0E8B-4B06-BBAA-9B8E008D5DE3}.qa2|Any CPU.ActiveCfg = qa15|Any CPU
		{2F527872-0E8B-4B06-BBAA-9B8E008D5DE3}.qa2|Any CPU.Build.0 = qa15|Any CPU
		{2F527872-0E8B-4B06-BBAA-9B8E008D5DE3}.qa3|Any CPU.ActiveCfg = qa15|Any CPU
		{2F527872-0E8B-4B06-BBAA-9B8E008D5DE3}.qa3|Any CPU.Build.0 = qa15|Any CPU
		{2F527872-0E8B-4B06-BBAA-9B8E008D5DE3}.qa4|Any CPU.ActiveCfg = qa15|Any CPU
		{2F527872-0E8B-4B06-BBAA-9B8E008D5DE3}.qa4|Any CPU.Build.0 = qa15|Any CPU
		{2F527872-0E8B-4B06-BBAA-9B8E008D5DE3}.qa5|Any CPU.ActiveCfg = qa15|Any CPU
		{2F527872-0E8B-4B06-BBAA-9B8E008D5DE3}.qa5|Any CPU.Build.0 = qa15|Any CPU
		{2F527872-0E8B-4B06-BBAA-9B8E008D5DE3}.qa6|Any CPU.ActiveCfg = qa15|Any CPU
		{2F527872-0E8B-4B06-BBAA-9B8E008D5DE3}.qa6|Any CPU.Build.0 = qa15|Any CPU
		{2F527872-0E8B-4B06-BBAA-9B8E008D5DE3}.qa7|Any CPU.ActiveCfg = qa15|Any CPU
		{2F527872-0E8B-4B06-BBAA-9B8E008D5DE3}.qa7|Any CPU.Build.0 = qa15|Any CPU
		{2F527872-0E8B-4B06-BBAA-9B8E008D5DE3}.qa8|Any CPU.ActiveCfg = qa15|Any CPU
		{2F527872-0E8B-4B06-BBAA-9B8E008D5DE3}.qa8|Any CPU.Build.0 = qa15|Any CPU
		{2F527872-0E8B-4B06-BBAA-9B8E008D5DE3}.qa9|Any CPU.ActiveCfg = qa15|Any CPU
		{2F527872-0E8B-4B06-BBAA-9B8E008D5DE3}.qa9|Any CPU.Build.0 = qa15|Any CPU
		{2F527872-0E8B-4B06-BBAA-9B8E008D5DE3}.Release|Any CPU.ActiveCfg = Release|Any CPU
		{2F527872-0E8B-4B06-BBAA-9B8E008D5DE3}.Release|Any CPU.Build.0 = Release|Any CPU
		{2F527872-0E8B-4B06-BBAA-9B8E008D5DE3}.stage|Any CPU.ActiveCfg = qa15|Any CPU
		{2F527872-0E8B-4B06-BBAA-9B8E008D5DE3}.stage|Any CPU.Build.0 = qa15|Any CPU
		{2F527872-0E8B-4B06-BBAA-9B8E008D5DE3}.test|Any CPU.ActiveCfg = qa15|Any CPU
		{2F527872-0E8B-4B06-BBAA-9B8E008D5DE3}.test|Any CPU.Build.0 = qa15|Any CPU
	EndGlobalSection
	GlobalSection(SolutionProperties) = preSolution
		HideSolutionNode = FALSE
	EndGlobalSection
	GlobalSection(ExtensibilityGlobals) = postSolution
		SolutionGuid = {F169C5B8-77F2-4DF6-BEC4-002B4EFEEABE}
	EndGlobalSection
EndGlobal
